// !$*UTF8*$!
{
	archiveVersion = 1;
	classes = {
	};
	objectVersion = 55;
	objects = {

/* Begin PBXBuildFile section */
		4005DFB6278F583500EB1640 /* FavoriteService.swift in Sources */ = {isa = PBXBuildFile; fileRef = 4005DFB5278F583500EB1640 /* FavoriteService.swift */; };
		4005DFBE278F5DD900EB1640 /* Logger+error.swift in Sources */ = {isa = PBXBuildFile; fileRef = 4005DFBD278F5DD900EB1640 /* Logger+error.swift */; };
		4005DFC0278F60C500EB1640 /* CanyonFilterViewModel.swift in Sources */ = {isa = PBXBuildFile; fileRef = 4005DFBF278F60C500EB1640 /* CanyonFilterViewModel.swift */; };
		4005DFC3278F67F800EB1640 /* FavoritesViewModelTests.swift in Sources */ = {isa = PBXBuildFile; fileRef = 4005DFC2278F67F800EB1640 /* FavoritesViewModelTests.swift */; };
		4005DFC5278F6F0300EB1640 /* CanyonFilterViewModelTests+update.swift in Sources */ = {isa = PBXBuildFile; fileRef = 4005DFC4278F6F0300EB1640 /* CanyonFilterViewModelTests+update.swift */; };
		4005DFC7278F733500EB1640 /* CanyonFilterViewModelTests+filter.swift in Sources */ = {isa = PBXBuildFile; fileRef = 4005DFC6278F733400EB1640 /* CanyonFilterViewModelTests+filter.swift */; };
		4005DFCB278F7AAD00EB1640 /* NearMeViewModelTests.swift in Sources */ = {isa = PBXBuildFile; fileRef = 4005DFCA278F7AAD00EB1640 /* NearMeViewModelTests.swift */; };
		4005DFCD278F7B0A00EB1640 /* MockSearchService.swift in Sources */ = {isa = PBXBuildFile; fileRef = 4005DFCC278F7B0A00EB1640 /* MockSearchService.swift */; };
		4005DFCF278F96E100EB1640 /* MapView+annotations.swift in Sources */ = {isa = PBXBuildFile; fileRef = 4005DFCE278F96E100EB1640 /* MapView+annotations.swift */; };
		40218D7327A83714006A6ABC /* CanyonItemView.swift in Sources */ = {isa = PBXBuildFile; fileRef = 40218D7227A83714006A6ABC /* CanyonItemView.swift */; };
		4032AEBD278F3028002EEA4E /* CanyonViewControllerTests.swift in Sources */ = {isa = PBXBuildFile; fileRef = 4032AEBC278F3028002EEA4E /* CanyonViewControllerTests.swift */; };
		4032AEBF278F324D002EEA4E /* CanyonViewModel.swift in Sources */ = {isa = PBXBuildFile; fileRef = 4032AEBE278F324D002EEA4E /* CanyonViewModel.swift */; };
		4032AEC1278F3AB7002EEA4E /* CanyonViewModelTests.swift in Sources */ = {isa = PBXBuildFile; fileRef = 4032AEC0278F3AB7002EEA4E /* CanyonViewModelTests.swift */; };
		4032AEC8278F3EFE002EEA4E /* Array+safe.swift in Sources */ = {isa = PBXBuildFile; fileRef = 4032AEC7278F3EFE002EEA4E /* Array+safe.swift */; };
		4032AECB278F3FD8002EEA4E /* MockRopeWikiService.swift in Sources */ = {isa = PBXBuildFile; fileRef = 4032AECA278F3FD8002EEA4E /* MockRopeWikiService.swift */; };
		4032AECD278F41D0002EEA4E /* CanyonDetailViewModelTests.swift in Sources */ = {isa = PBXBuildFile; fileRef = 4032AECC278F41D0002EEA4E /* CanyonDetailViewModelTests.swift */; };
		405E6792279736C600BA41D9 /* DownloadBar.swift in Sources */ = {isa = PBXBuildFile; fileRef = 405E6791279736C600BA41D9 /* DownloadBar.swift */; };
		405E679427973BBE00BA41D9 /* DispatchTime+duration.swift in Sources */ = {isa = PBXBuildFile; fileRef = 405E679327973BBE00BA41D9 /* DispatchTime+duration.swift */; };
		405E67B62797865D00BA41D9 /* ResultListView.swift in Sources */ = {isa = PBXBuildFile; fileRef = 405E67AD2797865C00BA41D9 /* ResultListView.swift */; };
		405E67B72797865D00BA41D9 /* NearMeView.swift in Sources */ = {isa = PBXBuildFile; fileRef = 405E67AE2797865C00BA41D9 /* NearMeView.swift */; };
		405E67B82797865D00BA41D9 /* FavoritesViewModel.swift in Sources */ = {isa = PBXBuildFile; fileRef = 405E67AF2797865C00BA41D9 /* FavoritesViewModel.swift */; };
		405E67BA2797865D00BA41D9 /* ResultsViewModel.swift in Sources */ = {isa = PBXBuildFile; fileRef = 405E67B12797865D00BA41D9 /* ResultsViewModel.swift */; };
		405E67BB2797865D00BA41D9 /* NearMeViewModel.swift in Sources */ = {isa = PBXBuildFile; fileRef = 405E67B22797865D00BA41D9 /* NearMeViewModel.swift */; };
		405E67BC2797865D00BA41D9 /* SearchView.swift in Sources */ = {isa = PBXBuildFile; fileRef = 405E67B32797865D00BA41D9 /* SearchView.swift */; };
		405E67BD2797865D00BA41D9 /* MapListViewModel.swift in Sources */ = {isa = PBXBuildFile; fileRef = 405E67B42797865D00BA41D9 /* MapListViewModel.swift */; };
		405E67BE2797865D00BA41D9 /* SearchViewModel.swift in Sources */ = {isa = PBXBuildFile; fileRef = 405E67B52797865D00BA41D9 /* SearchViewModel.swift */; };
		405E67C02797869100BA41D9 /* FavoriteListView.swift in Sources */ = {isa = PBXBuildFile; fileRef = 405E67BF2797869100BA41D9 /* FavoriteListView.swift */; };
		405E67CF2799C38800BA41D9 /* Lottie in Frameworks */ = {isa = PBXBuildFile; productRef = 405E67CE2799C38800BA41D9 /* Lottie */; };
		405E67E7279A075B00BA41D9 /* simple_rap.json in Resources */ = {isa = PBXBuildFile; fileRef = 405E67E6279A075B00BA41D9 /* simple_rap.json */; };
		4068C3512B14CC090033707F /* GeneralError.swift in Sources */ = {isa = PBXBuildFile; fileRef = 4068C3502B14CC090033707F /* GeneralError.swift */; };
		4068C3562B16F9700033707F /* WebView.swift in Sources */ = {isa = PBXBuildFile; fileRef = 4068C3552B16F9700033707F /* WebView.swift */; };
		4068C3592B17931D0033707F /* CanyonDetailHeader.swift in Sources */ = {isa = PBXBuildFile; fileRef = 4068C3582B17931D0033707F /* CanyonDetailHeader.swift */; };
		4068C35B2B179A9F0033707F /* StarQualityView.swift in Sources */ = {isa = PBXBuildFile; fileRef = 4068C35A2B179A9F0033707F /* StarQualityView.swift */; };
		4068C3692B18CAA60033707F /* DetailDivider.swift in Sources */ = {isa = PBXBuildFile; fileRef = 4068C3682B18CAA60033707F /* DetailDivider.swift */; };
		4068C36B2B18CB190033707F /* CommonStrings.swift in Sources */ = {isa = PBXBuildFile; fileRef = 4068C36A2B18CB190033707F /* CommonStrings.swift */; };
		4068C36D2B18D4D90033707F /* SimpleButton.swift in Sources */ = {isa = PBXBuildFile; fileRef = 4068C36C2B18D4D90033707F /* SimpleButton.swift */; };
		4068C36F2B18D7B50033707F /* CanyonDetailViewModel.swift in Sources */ = {isa = PBXBuildFile; fileRef = 4068C36E2B18D7B50033707F /* CanyonDetailViewModel.swift */; };
		4068C3722B18DA760033707F /* WeatherViewModel.swift in Sources */ = {isa = PBXBuildFile; fileRef = 4068C3712B18DA760033707F /* WeatherViewModel.swift */; };
		4068C3742B1A3A8D0033707F /* MultiPicker.swift in Sources */ = {isa = PBXBuildFile; fileRef = 4068C3732B1A3A8D0033707F /* MultiPicker.swift */; };
		406BC85B2940B9680096769B /* MapboxMaps in Frameworks */ = {isa = PBXBuildFile; productRef = 406BC85A2940B9680096769B /* MapboxMaps */; };
		406BC85D2940C4040096769B /* UserDefaults+location.swift in Sources */ = {isa = PBXBuildFile; fileRef = 406BC85C2940C4040096769B /* UserDefaults+location.swift */; };
		40783CE8278DF46A001E78DB /* InMemoryStorage.swift in Sources */ = {isa = PBXBuildFile; fileRef = 40783CE6278DF46A001E78DB /* InMemoryStorage.swift */; };
		40783CE9278DF46A001E78DB /* UserPreferencesStorage+favorite.swift in Sources */ = {isa = PBXBuildFile; fileRef = 40783CE7278DF46A001E78DB /* UserPreferencesStorage+favorite.swift */; };
		40783CEB278DF5E3001E78DB /* Storage.swift in Sources */ = {isa = PBXBuildFile; fileRef = 40783CEA278DF5E3001E78DB /* Storage.swift */; };
		40783CED278DF63F001E78DB /* UserPreferencesStorage.swift in Sources */ = {isa = PBXBuildFile; fileRef = 40783CEC278DF63F001E78DB /* UserPreferencesStorage.swift */; };
		407FB74F278FC805008B65BE /* GeoJson.swift in Sources */ = {isa = PBXBuildFile; fileRef = 407FB74E278FC805008B65BE /* GeoJson.swift */; };
		407FB75127906CAC008B65BE /* AppleMapObjects.swift in Sources */ = {isa = PBXBuildFile; fileRef = 407FB75027906CAC008B65BE /* AppleMapObjects.swift */; };
		407FB75327906DF0008B65BE /* MapLegendView.swift in Sources */ = {isa = PBXBuildFile; fileRef = 407FB75227906DF0008B65BE /* MapLegendView.swift */; };
		407FB75F2790CD2B008B65BE /* WeatherDataResponse.swift in Sources */ = {isa = PBXBuildFile; fileRef = 407FB7592790CD2B008B65BE /* WeatherDataResponse.swift */; };
		407FB7602790CD2B008B65BE /* NOAAWeatherService.swift in Sources */ = {isa = PBXBuildFile; fileRef = 407FB75A2790CD2B008B65BE /* NOAAWeatherService.swift */; };
		407FB7612790CD2B008B65BE /* NOAAData.swift in Sources */ = {isa = PBXBuildFile; fileRef = 407FB75B2790CD2B008B65BE /* NOAAData.swift */; };
		407FB7622790CD2B008B65BE /* WeatherDataPoint.swift in Sources */ = {isa = PBXBuildFile; fileRef = 407FB75C2790CD2B008B65BE /* WeatherDataPoint.swift */; };
		407FB7632790CD2B008B65BE /* NOAASerializer.swift in Sources */ = {isa = PBXBuildFile; fileRef = 407FB75D2790CD2B008B65BE /* NOAASerializer.swift */; };
		407FB7642790CD2B008B65BE /* NetworkService.swift in Sources */ = {isa = PBXBuildFile; fileRef = 407FB75E2790CD2B008B65BE /* NetworkService.swift */; };
		407FB7672790CDB3008B65BE /* UnitConverter.swift in Sources */ = {isa = PBXBuildFile; fileRef = 407FB7662790CDB3008B65BE /* UnitConverter.swift */; };
		407FB76B2790D592008B65BE /* WeatherForecastView.swift in Sources */ = {isa = PBXBuildFile; fileRef = 407FB76A2790D591008B65BE /* WeatherForecastView.swift */; };
		407FB76D2790D59C008B65BE /* WeatherForecastDayView.swift in Sources */ = {isa = PBXBuildFile; fileRef = 407FB76C2790D59C008B65BE /* WeatherForecastDayView.swift */; };
		407FB7712790FF49008B65BE /* CanyonMap.swift in Sources */ = {isa = PBXBuildFile; fileRef = 407FB7702790FF49008B65BE /* CanyonMap.swift */; };
		407FB7732790FF7B008B65BE /* AppleMapView.swift in Sources */ = {isa = PBXBuildFile; fileRef = 407FB7722790FF7B008B65BE /* AppleMapView.swift */; };
		4089A1302B0AC91800886179 /* Coordinate.swift in Sources */ = {isa = PBXBuildFile; fileRef = 4089A12F2B0AC91800886179 /* Coordinate.swift */; };
		4089A1332B0AC9CF00886179 /* CoordinateTests.swift in Sources */ = {isa = PBXBuildFile; fileRef = 4089A1312B0AC98D00886179 /* CoordinateTests.swift */; };
		4089A1362B0AD15A00886179 /* ropewiki_database_pt1.json in Resources */ = {isa = PBXBuildFile; fileRef = 4089A1342B0AD15900886179 /* ropewiki_database_pt1.json */; };
		4089A1372B0AD15A00886179 /* ropewiki_database_pt2.json in Resources */ = {isa = PBXBuildFile; fileRef = 4089A1352B0AD15A00886179 /* ropewiki_database_pt2.json */; };
		408B33032B0ABF22000CD934 /* GPXService+simplifyTests.swift in Sources */ = {isa = PBXBuildFile; fileRef = 408B33012B0ABE9F000CD934 /* GPXService+simplifyTests.swift */; };
		40A71D912B084995000DFC3A /* GPXService+simplify.swift in Sources */ = {isa = PBXBuildFile; fileRef = 40A71D902B084995000DFC3A /* GPXService+simplify.swift */; };
		40DF5F5E2B1B9297007A076F /* SingleSelectView.swift in Sources */ = {isa = PBXBuildFile; fileRef = 40DF5F5D2B1B9297007A076F /* SingleSelectView.swift */; };
		40DF5F602B1BAD57007A076F /* CanyonFilterSheetViewModel.swift in Sources */ = {isa = PBXBuildFile; fileRef = 40DF5F5F2B1BAD57007A076F /* CanyonFilterSheetViewModel.swift */; };
		40DF5F982B1BAFC5007A076F /* Window.swift in Sources */ = {isa = PBXBuildFile; fileRef = 40DF5F972B1BAFC5007A076F /* Window.swift */; };
		40DF5F9A2B1BAFFC007A076F /* MainView.swift in Sources */ = {isa = PBXBuildFile; fileRef = 40DF5F992B1BAFFC007A076F /* MainView.swift */; };
		40DF5F9C2B1BB3F0007A076F /* MainViewModel.swift in Sources */ = {isa = PBXBuildFile; fileRef = 40DF5F9B2B1BB3F0007A076F /* MainViewModel.swift */; };
		40DF5F9E2B1BB460007A076F /* MainTabView.swift in Sources */ = {isa = PBXBuildFile; fileRef = 40DF5F9D2B1BB460007A076F /* MainTabView.swift */; };
		40DF5FA12B1BC500007A076F /* LargeProgressView.swift in Sources */ = {isa = PBXBuildFile; fileRef = 40DF5FA02B1BC500007A076F /* LargeProgressView.swift */; };
		40DF5FA52B1BEF0E007A076F /* ShareSheetView.swift in Sources */ = {isa = PBXBuildFile; fileRef = 40DF5FA42B1BEF0E007A076F /* ShareSheetView.swift */; };
		40DF5FA72B1BF1A9007A076F /* Canyon+detailString.swift in Sources */ = {isa = PBXBuildFile; fileRef = 40DF5FA62B1BF1A9007A076F /* Canyon+detailString.swift */; };
		40DF5FA92B1BFFFB007A076F /* CanyonViewModel+share.swift in Sources */ = {isa = PBXBuildFile; fileRef = 40DF5FA82B1BFFFB007A076F /* CanyonViewModel+share.swift */; };
		40DF5FAB2B1D5802007A076F /* BestSeasonsView.swift in Sources */ = {isa = PBXBuildFile; fileRef = 40DF5FAA2B1D5802007A076F /* BestSeasonsView.swift */; };
		40DF5FAD2B1D5D47007A076F /* DataTableViewModel.swift in Sources */ = {isa = PBXBuildFile; fileRef = 40DF5FAC2B1D5D47007A076F /* DataTableViewModel.swift */; };
		40DF5FAF2B1E2902007A076F /* AnyUIKitView.swift in Sources */ = {isa = PBXBuildFile; fileRef = 40DF5FAE2B1E2902007A076F /* AnyUIKitView.swift */; };
		40DF5FB12B203D55007A076F /* DataTableViewModelTests.swift in Sources */ = {isa = PBXBuildFile; fileRef = 40DF5FB02B203D55007A076F /* DataTableViewModelTests.swift */; };
		40DF5FB32B203D99007A076F /* StarQualityViewModelTests.swift in Sources */ = {isa = PBXBuildFile; fileRef = 40DF5FB22B203D99007A076F /* StarQualityViewModelTests.swift */; };
		40DF5FB52B203F32007A076F /* WeatherViewModelTests.swift in Sources */ = {isa = PBXBuildFile; fileRef = 40DF5FB42B203F32007A076F /* WeatherViewModelTests.swift */; };
		40E4429027875DA000FE245D /* Assets.xcassets in Resources */ = {isa = PBXBuildFile; fileRef = 40E4428F27875DA000FE245D /* Assets.xcassets */; };
		40E4429327875DA000FE245D /* LaunchScreen.storyboard in Resources */ = {isa = PBXBuildFile; fileRef = 40E4429127875DA000FE245D /* LaunchScreen.storyboard */; };
		40E442B927875EB200FE245D /* Region.swift in Sources */ = {isa = PBXBuildFile; fileRef = 40E442B827875EB200FE245D /* Region.swift */; };
		40E442C82787601D00FE245D /* Logger.swift in Sources */ = {isa = PBXBuildFile; fileRef = 40E442C72787601D00FE245D /* Logger.swift */; };
		40E442D72787614000FE245D /* ColorPalette.swift in Sources */ = {isa = PBXBuildFile; fileRef = 40E442D42787614000FE245D /* ColorPalette.swift */; };
		40E442D82787614000FE245D /* Grid.swift in Sources */ = {isa = PBXBuildFile; fileRef = 40E442D52787614000FE245D /* Grid.swift */; };
		40E442DF2787630700FE245D /* GlobalStrings.swift in Sources */ = {isa = PBXBuildFile; fileRef = 40E442DE2787630700FE245D /* GlobalStrings.swift */; };
		40E442E427876F7E00FE245D /* SearchResult.swift in Sources */ = {isa = PBXBuildFile; fileRef = 40E442E327876F7E00FE245D /* SearchResult.swift */; };
		40E442E627876F9600FE245D /* Canyon.swift in Sources */ = {isa = PBXBuildFile; fileRef = 40E442E527876F9600FE245D /* Canyon.swift */; };
		40E442F82787770200FE245D /* ContainedButton.swift in Sources */ = {isa = PBXBuildFile; fileRef = 40E442F72787770200FE245D /* ContainedButton.swift */; };
		40E442FA2787777700FE245D /* FontBook.swift in Sources */ = {isa = PBXBuildFile; fileRef = 40E442F92787777700FE245D /* FontBook.swift */; };
		40E4430127877C5500FE245D /* GlobalConstants.swift in Sources */ = {isa = PBXBuildFile; fileRef = 40E4430027877C5500FE245D /* GlobalConstants.swift */; };
		40E4430727877F9500FE245D /* CanyonView.swift in Sources */ = {isa = PBXBuildFile; fileRef = 40E4430627877F9500FE245D /* CanyonView.swift */; };
		40E4430D2787842800FE245D /* CanyonDetailView.swift in Sources */ = {isa = PBXBuildFile; fileRef = 40E4430C2787842800FE245D /* CanyonDetailView.swift */; };
		40E4431D27879F1D00FE245D /* MapView.swift in Sources */ = {isa = PBXBuildFile; fileRef = 40E4431C27879F1D00FE245D /* MapView.swift */; };
		40E4431F2787A0C000FE245D /* MapViewModel.swift in Sources */ = {isa = PBXBuildFile; fileRef = 40E4431E2787A0C000FE245D /* MapViewModel.swift */; };
		40E443222787A0F200FE245D /* RopeWikiService.swift in Sources */ = {isa = PBXBuildFile; fileRef = 40E443212787A0F200FE245D /* RopeWikiService.swift */; };
		40E443262787A23A00FE245D /* SearchService.swift in Sources */ = {isa = PBXBuildFile; fileRef = 40E443252787A23A00FE245D /* SearchService.swift */; };
		40E4432C2787D80100FE245D /* CanyonPoint.swift in Sources */ = {isa = PBXBuildFile; fileRef = 40E4432B2787D80100FE245D /* CanyonPoint.swift */; };
		40E4432F2787D90C00FE245D /* RequestError.swift in Sources */ = {isa = PBXBuildFile; fileRef = 40E4432E2787D90C00FE245D /* RequestError.swift */; };
		40E443312787E2CA00FE245D /* NonClusteringMKMarkerAnnotationView.swift in Sources */ = {isa = PBXBuildFile; fileRef = 40E443302787E2CA00FE245D /* NonClusteringMKMarkerAnnotationView.swift */; };
		40E44335278886CC00FE245D /* DataTableView.swift in Sources */ = {isa = PBXBuildFile; fileRef = 40E44334278886CC00FE245D /* DataTableView.swift */; };
		40E4433727888D9100FE245D /* LocationService.swift in Sources */ = {isa = PBXBuildFile; fileRef = 40E4433627888D9100FE245D /* LocationService.swift */; };
		40E4433C2788A25B00FE245D /* BottomSheetViewController.swift in Sources */ = {isa = PBXBuildFile; fileRef = 40E4433B2788A25B00FE245D /* BottomSheetViewController.swift */; };
		40E4433F2788F1D600FE245D /* SpreadFilter.swift in Sources */ = {isa = PBXBuildFile; fileRef = 40E4433E2788F1D600FE245D /* SpreadFilter.swift */; };
		40E443412789F36C00FE245D /* CanyonFilterSheetView.swift in Sources */ = {isa = PBXBuildFile; fileRef = 40E443402789F36C00FE245D /* CanyonFilterSheetView.swift */; };
		40E443462789F8A100FE245D /* MultiSelectView.swift in Sources */ = {isa = PBXBuildFile; fileRef = 40E443452789F8A100FE245D /* MultiSelectView.swift */; };
		40E44348278A0A7100FE245D /* BestSeasonsViewModel.swift in Sources */ = {isa = PBXBuildFile; fileRef = 40E44347278A0A7100FE245D /* BestSeasonsViewModel.swift */; };
		40E4434A278B327C00FE245D /* ComparisonPicker.swift in Sources */ = {isa = PBXBuildFile; fileRef = 40E44349278B327B00FE245D /* ComparisonPicker.swift */; };
		40FDB37E2791CF5D0065FF47 /* MapboxMap.swift in Sources */ = {isa = PBXBuildFile; fileRef = 40FDB37D2791CF5D0065FF47 /* MapboxMap.swift */; };
		40FDB3832791D0E30065FF47 /* TopoLineType.swift in Sources */ = {isa = PBXBuildFile; fileRef = 40FDB3822791D0E30065FF47 /* TopoLineType.swift */; };
		40FDB3862791FAA00065FF47 /* CoreGPX in Frameworks */ = {isa = PBXBuildFile; productRef = 40FDB3852791FAA00065FF47 /* CoreGPX */; };
		40FDB3882791FCCB0065FF47 /* GPXService.swift in Sources */ = {isa = PBXBuildFile; fileRef = 40FDB3872791FCCB0065FF47 /* GPXService.swift */; };
		40FDB38A2791FCDE0065FF47 /* Data+toFile.swift in Sources */ = {isa = PBXBuildFile; fileRef = 40FDB3892791FCDE0065FF47 /* Data+toFile.swift */; };
		40FDB38C2791FCFD0065FF47 /* FileAccess.swift in Sources */ = {isa = PBXBuildFile; fileRef = 40FDB38B2791FCFD0065FF47 /* FileAccess.swift */; };
		40FDB38E279218C50065FF47 /* SolarService.swift in Sources */ = {isa = PBXBuildFile; fileRef = 40FDB38D279218C50065FF47 /* SolarService.swift */; };
		40FDB391279218EA0065FF47 /* Solar in Frameworks */ = {isa = PBXBuildFile; productRef = 40FDB390279218EA0065FF47 /* Solar */; };
		40FDB3932792270F0065FF47 /* WeatherDataPointTests+Strings.swift in Sources */ = {isa = PBXBuildFile; fileRef = 40FDB3922792270F0065FF47 /* WeatherDataPointTests+Strings.swift */; };
		40FDB39527922C950065FF47 /* MapService.swift in Sources */ = {isa = PBXBuildFile; fileRef = 40FDB39427922C950065FF47 /* MapService.swift */; };
		40FDB39E27970DAC0065FF47 /* UIColor+hex.swift in Sources */ = {isa = PBXBuildFile; fileRef = 40FDB39D27970DAC0065FF47 /* UIColor+hex.swift */; };
/* End PBXBuildFile section */

/* Begin PBXContainerItemProxy section */
		40E4429A27875DA100FE245D /* PBXContainerItemProxy */ = {
			isa = PBXContainerItemProxy;
			containerPortal = 40E4427B27875D9F00FE245D /* Project object */;
			proxyType = 1;
			remoteGlobalIDString = 40E4428227875D9F00FE245D;
			remoteInfo = Canyoneer;
		};
/* End PBXContainerItemProxy section */

/* Begin PBXFileReference section */
		4005DFB5278F583500EB1640 /* FavoriteService.swift */ = {isa = PBXFileReference; lastKnownFileType = sourcecode.swift; path = FavoriteService.swift; sourceTree = "<group>"; };
		4005DFBD278F5DD900EB1640 /* Logger+error.swift */ = {isa = PBXFileReference; lastKnownFileType = sourcecode.swift; path = "Logger+error.swift"; sourceTree = "<group>"; };
		4005DFBF278F60C500EB1640 /* CanyonFilterViewModel.swift */ = {isa = PBXFileReference; lastKnownFileType = sourcecode.swift; path = CanyonFilterViewModel.swift; sourceTree = "<group>"; };
		4005DFC2278F67F800EB1640 /* FavoritesViewModelTests.swift */ = {isa = PBXFileReference; lastKnownFileType = sourcecode.swift; path = FavoritesViewModelTests.swift; sourceTree = "<group>"; };
		4005DFC4278F6F0300EB1640 /* CanyonFilterViewModelTests+update.swift */ = {isa = PBXFileReference; lastKnownFileType = sourcecode.swift; path = "CanyonFilterViewModelTests+update.swift"; sourceTree = "<group>"; };
		4005DFC6278F733400EB1640 /* CanyonFilterViewModelTests+filter.swift */ = {isa = PBXFileReference; lastKnownFileType = sourcecode.swift; path = "CanyonFilterViewModelTests+filter.swift"; sourceTree = "<group>"; };
		4005DFCA278F7AAD00EB1640 /* NearMeViewModelTests.swift */ = {isa = PBXFileReference; lastKnownFileType = sourcecode.swift; path = NearMeViewModelTests.swift; sourceTree = "<group>"; };
		4005DFCC278F7B0A00EB1640 /* MockSearchService.swift */ = {isa = PBXFileReference; lastKnownFileType = sourcecode.swift; path = MockSearchService.swift; sourceTree = "<group>"; };
		4005DFCE278F96E100EB1640 /* MapView+annotations.swift */ = {isa = PBXFileReference; lastKnownFileType = sourcecode.swift; path = "MapView+annotations.swift"; sourceTree = "<group>"; };
		40218D7227A83714006A6ABC /* CanyonItemView.swift */ = {isa = PBXFileReference; lastKnownFileType = sourcecode.swift; path = CanyonItemView.swift; sourceTree = "<group>"; };
		4032AEBC278F3028002EEA4E /* CanyonViewControllerTests.swift */ = {isa = PBXFileReference; lastKnownFileType = sourcecode.swift; path = CanyonViewControllerTests.swift; sourceTree = "<group>"; };
		4032AEBE278F324D002EEA4E /* CanyonViewModel.swift */ = {isa = PBXFileReference; lastKnownFileType = sourcecode.swift; path = CanyonViewModel.swift; sourceTree = "<group>"; };
		4032AEC0278F3AB7002EEA4E /* CanyonViewModelTests.swift */ = {isa = PBXFileReference; lastKnownFileType = sourcecode.swift; path = CanyonViewModelTests.swift; sourceTree = "<group>"; };
		4032AEC7278F3EFE002EEA4E /* Array+safe.swift */ = {isa = PBXFileReference; lastKnownFileType = sourcecode.swift; path = "Array+safe.swift"; sourceTree = "<group>"; };
		4032AECA278F3FD8002EEA4E /* MockRopeWikiService.swift */ = {isa = PBXFileReference; lastKnownFileType = sourcecode.swift; path = MockRopeWikiService.swift; sourceTree = "<group>"; };
		4032AECC278F41D0002EEA4E /* CanyonDetailViewModelTests.swift */ = {isa = PBXFileReference; lastKnownFileType = sourcecode.swift; path = CanyonDetailViewModelTests.swift; sourceTree = "<group>"; };
		405E6791279736C600BA41D9 /* DownloadBar.swift */ = {isa = PBXFileReference; lastKnownFileType = sourcecode.swift; path = DownloadBar.swift; sourceTree = "<group>"; };
		405E679327973BBE00BA41D9 /* DispatchTime+duration.swift */ = {isa = PBXFileReference; lastKnownFileType = sourcecode.swift; path = "DispatchTime+duration.swift"; sourceTree = "<group>"; };
		405E67AD2797865C00BA41D9 /* ResultListView.swift */ = {isa = PBXFileReference; fileEncoding = 4; lastKnownFileType = sourcecode.swift; path = ResultListView.swift; sourceTree = "<group>"; };
		405E67AE2797865C00BA41D9 /* NearMeView.swift */ = {isa = PBXFileReference; fileEncoding = 4; lastKnownFileType = sourcecode.swift; path = NearMeView.swift; sourceTree = "<group>"; };
		405E67AF2797865C00BA41D9 /* FavoritesViewModel.swift */ = {isa = PBXFileReference; fileEncoding = 4; lastKnownFileType = sourcecode.swift; path = FavoritesViewModel.swift; sourceTree = "<group>"; };
		405E67B12797865D00BA41D9 /* ResultsViewModel.swift */ = {isa = PBXFileReference; fileEncoding = 4; lastKnownFileType = sourcecode.swift; path = ResultsViewModel.swift; sourceTree = "<group>"; };
		405E67B22797865D00BA41D9 /* NearMeViewModel.swift */ = {isa = PBXFileReference; fileEncoding = 4; lastKnownFileType = sourcecode.swift; path = NearMeViewModel.swift; sourceTree = "<group>"; };
		405E67B32797865D00BA41D9 /* SearchView.swift */ = {isa = PBXFileReference; fileEncoding = 4; lastKnownFileType = sourcecode.swift; path = SearchView.swift; sourceTree = "<group>"; };
		405E67B42797865D00BA41D9 /* MapListViewModel.swift */ = {isa = PBXFileReference; fileEncoding = 4; lastKnownFileType = sourcecode.swift; path = MapListViewModel.swift; sourceTree = "<group>"; };
		405E67B52797865D00BA41D9 /* SearchViewModel.swift */ = {isa = PBXFileReference; fileEncoding = 4; lastKnownFileType = sourcecode.swift; path = SearchViewModel.swift; sourceTree = "<group>"; };
		405E67BF2797869100BA41D9 /* FavoriteListView.swift */ = {isa = PBXFileReference; fileEncoding = 4; lastKnownFileType = sourcecode.swift; path = FavoriteListView.swift; sourceTree = "<group>"; };
		405E67E6279A075B00BA41D9 /* simple_rap.json */ = {isa = PBXFileReference; fileEncoding = 4; lastKnownFileType = text.json; path = simple_rap.json; sourceTree = "<group>"; };
		4068C3502B14CC090033707F /* GeneralError.swift */ = {isa = PBXFileReference; lastKnownFileType = sourcecode.swift; path = GeneralError.swift; sourceTree = "<group>"; };
		4068C3552B16F9700033707F /* WebView.swift */ = {isa = PBXFileReference; lastKnownFileType = sourcecode.swift; path = WebView.swift; sourceTree = "<group>"; };
		4068C3582B17931D0033707F /* CanyonDetailHeader.swift */ = {isa = PBXFileReference; lastKnownFileType = sourcecode.swift; path = CanyonDetailHeader.swift; sourceTree = "<group>"; };
		4068C35A2B179A9F0033707F /* StarQualityView.swift */ = {isa = PBXFileReference; lastKnownFileType = sourcecode.swift; path = StarQualityView.swift; sourceTree = "<group>"; };
		4068C3682B18CAA60033707F /* DetailDivider.swift */ = {isa = PBXFileReference; lastKnownFileType = sourcecode.swift; path = DetailDivider.swift; sourceTree = "<group>"; };
		4068C36A2B18CB190033707F /* CommonStrings.swift */ = {isa = PBXFileReference; lastKnownFileType = sourcecode.swift; path = CommonStrings.swift; sourceTree = "<group>"; };
		4068C36C2B18D4D90033707F /* SimpleButton.swift */ = {isa = PBXFileReference; lastKnownFileType = sourcecode.swift; path = SimpleButton.swift; sourceTree = "<group>"; };
		4068C36E2B18D7B50033707F /* CanyonDetailViewModel.swift */ = {isa = PBXFileReference; lastKnownFileType = sourcecode.swift; path = CanyonDetailViewModel.swift; sourceTree = "<group>"; };
		4068C3712B18DA760033707F /* WeatherViewModel.swift */ = {isa = PBXFileReference; lastKnownFileType = sourcecode.swift; path = WeatherViewModel.swift; sourceTree = "<group>"; };
		4068C3732B1A3A8D0033707F /* MultiPicker.swift */ = {isa = PBXFileReference; lastKnownFileType = sourcecode.swift; path = MultiPicker.swift; sourceTree = "<group>"; };
		406BC85C2940C4040096769B /* UserDefaults+location.swift */ = {isa = PBXFileReference; lastKnownFileType = sourcecode.swift; path = "UserDefaults+location.swift"; sourceTree = "<group>"; };
		40783CE6278DF46A001E78DB /* InMemoryStorage.swift */ = {isa = PBXFileReference; fileEncoding = 4; lastKnownFileType = sourcecode.swift; path = InMemoryStorage.swift; sourceTree = "<group>"; };
		40783CE7278DF46A001E78DB /* UserPreferencesStorage+favorite.swift */ = {isa = PBXFileReference; fileEncoding = 4; lastKnownFileType = sourcecode.swift; path = "UserPreferencesStorage+favorite.swift"; sourceTree = "<group>"; };
		40783CEA278DF5E3001E78DB /* Storage.swift */ = {isa = PBXFileReference; lastKnownFileType = sourcecode.swift; path = Storage.swift; sourceTree = "<group>"; };
		40783CEC278DF63F001E78DB /* UserPreferencesStorage.swift */ = {isa = PBXFileReference; lastKnownFileType = sourcecode.swift; path = UserPreferencesStorage.swift; sourceTree = "<group>"; };
		407FB74E278FC805008B65BE /* GeoJson.swift */ = {isa = PBXFileReference; lastKnownFileType = sourcecode.swift; path = GeoJson.swift; sourceTree = "<group>"; };
		407FB75027906CAC008B65BE /* AppleMapObjects.swift */ = {isa = PBXFileReference; lastKnownFileType = sourcecode.swift; path = AppleMapObjects.swift; sourceTree = "<group>"; };
		407FB75227906DF0008B65BE /* MapLegendView.swift */ = {isa = PBXFileReference; lastKnownFileType = sourcecode.swift; path = MapLegendView.swift; sourceTree = "<group>"; };
		407FB7592790CD2B008B65BE /* WeatherDataResponse.swift */ = {isa = PBXFileReference; fileEncoding = 4; lastKnownFileType = sourcecode.swift; path = WeatherDataResponse.swift; sourceTree = "<group>"; };
		407FB75A2790CD2B008B65BE /* NOAAWeatherService.swift */ = {isa = PBXFileReference; fileEncoding = 4; lastKnownFileType = sourcecode.swift; path = NOAAWeatherService.swift; sourceTree = "<group>"; };
		407FB75B2790CD2B008B65BE /* NOAAData.swift */ = {isa = PBXFileReference; fileEncoding = 4; lastKnownFileType = sourcecode.swift; path = NOAAData.swift; sourceTree = "<group>"; };
		407FB75C2790CD2B008B65BE /* WeatherDataPoint.swift */ = {isa = PBXFileReference; fileEncoding = 4; lastKnownFileType = sourcecode.swift; path = WeatherDataPoint.swift; sourceTree = "<group>"; };
		407FB75D2790CD2B008B65BE /* NOAASerializer.swift */ = {isa = PBXFileReference; fileEncoding = 4; lastKnownFileType = sourcecode.swift; path = NOAASerializer.swift; sourceTree = "<group>"; };
		407FB75E2790CD2B008B65BE /* NetworkService.swift */ = {isa = PBXFileReference; fileEncoding = 4; lastKnownFileType = sourcecode.swift; path = NetworkService.swift; sourceTree = "<group>"; };
		407FB7662790CDB3008B65BE /* UnitConverter.swift */ = {isa = PBXFileReference; fileEncoding = 4; lastKnownFileType = sourcecode.swift; path = UnitConverter.swift; sourceTree = "<group>"; };
		407FB76A2790D591008B65BE /* WeatherForecastView.swift */ = {isa = PBXFileReference; lastKnownFileType = sourcecode.swift; path = WeatherForecastView.swift; sourceTree = "<group>"; };
		407FB76C2790D59C008B65BE /* WeatherForecastDayView.swift */ = {isa = PBXFileReference; lastKnownFileType = sourcecode.swift; path = WeatherForecastDayView.swift; sourceTree = "<group>"; };
		407FB7702790FF49008B65BE /* CanyonMap.swift */ = {isa = PBXFileReference; lastKnownFileType = sourcecode.swift; path = CanyonMap.swift; sourceTree = "<group>"; };
		407FB7722790FF7B008B65BE /* AppleMapView.swift */ = {isa = PBXFileReference; lastKnownFileType = sourcecode.swift; path = AppleMapView.swift; sourceTree = "<group>"; };
		4089A12F2B0AC91800886179 /* Coordinate.swift */ = {isa = PBXFileReference; lastKnownFileType = sourcecode.swift; path = Coordinate.swift; sourceTree = "<group>"; };
		4089A1312B0AC98D00886179 /* CoordinateTests.swift */ = {isa = PBXFileReference; lastKnownFileType = sourcecode.swift; path = CoordinateTests.swift; sourceTree = "<group>"; };
		4089A1342B0AD15900886179 /* ropewiki_database_pt1.json */ = {isa = PBXFileReference; fileEncoding = 4; lastKnownFileType = text.json; path = ropewiki_database_pt1.json; sourceTree = "<group>"; };
		4089A1352B0AD15A00886179 /* ropewiki_database_pt2.json */ = {isa = PBXFileReference; fileEncoding = 4; lastKnownFileType = text.json; path = ropewiki_database_pt2.json; sourceTree = "<group>"; };
		408B33012B0ABE9F000CD934 /* GPXService+simplifyTests.swift */ = {isa = PBXFileReference; lastKnownFileType = sourcecode.swift; path = "GPXService+simplifyTests.swift"; sourceTree = "<group>"; };
		40A71D902B084995000DFC3A /* GPXService+simplify.swift */ = {isa = PBXFileReference; lastKnownFileType = sourcecode.swift; path = "GPXService+simplify.swift"; sourceTree = "<group>"; };
		40DF5F5D2B1B9297007A076F /* SingleSelectView.swift */ = {isa = PBXFileReference; lastKnownFileType = sourcecode.swift; path = SingleSelectView.swift; sourceTree = "<group>"; };
		40DF5F5F2B1BAD57007A076F /* CanyonFilterSheetViewModel.swift */ = {isa = PBXFileReference; lastKnownFileType = sourcecode.swift; path = CanyonFilterSheetViewModel.swift; sourceTree = "<group>"; };
		40DF5F972B1BAFC5007A076F /* Window.swift */ = {isa = PBXFileReference; lastKnownFileType = sourcecode.swift; path = Window.swift; sourceTree = "<group>"; };
		40DF5F992B1BAFFC007A076F /* MainView.swift */ = {isa = PBXFileReference; lastKnownFileType = sourcecode.swift; path = MainView.swift; sourceTree = "<group>"; };
		40DF5F9B2B1BB3F0007A076F /* MainViewModel.swift */ = {isa = PBXFileReference; lastKnownFileType = sourcecode.swift; path = MainViewModel.swift; sourceTree = "<group>"; };
		40DF5F9D2B1BB460007A076F /* MainTabView.swift */ = {isa = PBXFileReference; lastKnownFileType = sourcecode.swift; path = MainTabView.swift; sourceTree = "<group>"; };
		40DF5FA02B1BC500007A076F /* LargeProgressView.swift */ = {isa = PBXFileReference; lastKnownFileType = sourcecode.swift; path = LargeProgressView.swift; sourceTree = "<group>"; };
		40DF5FA42B1BEF0E007A076F /* ShareSheetView.swift */ = {isa = PBXFileReference; lastKnownFileType = sourcecode.swift; path = ShareSheetView.swift; sourceTree = "<group>"; };
		40DF5FA62B1BF1A9007A076F /* Canyon+detailString.swift */ = {isa = PBXFileReference; lastKnownFileType = sourcecode.swift; path = "Canyon+detailString.swift"; sourceTree = "<group>"; };
		40DF5FA82B1BFFFB007A076F /* CanyonViewModel+share.swift */ = {isa = PBXFileReference; lastKnownFileType = sourcecode.swift; path = "CanyonViewModel+share.swift"; sourceTree = "<group>"; };
		40DF5FAA2B1D5802007A076F /* BestSeasonsView.swift */ = {isa = PBXFileReference; lastKnownFileType = sourcecode.swift; path = BestSeasonsView.swift; sourceTree = "<group>"; };
		40DF5FAC2B1D5D47007A076F /* DataTableViewModel.swift */ = {isa = PBXFileReference; lastKnownFileType = sourcecode.swift; path = DataTableViewModel.swift; sourceTree = "<group>"; };
		40DF5FAE2B1E2902007A076F /* AnyUIKitView.swift */ = {isa = PBXFileReference; lastKnownFileType = sourcecode.swift; path = AnyUIKitView.swift; sourceTree = "<group>"; };
		40DF5FB02B203D55007A076F /* DataTableViewModelTests.swift */ = {isa = PBXFileReference; lastKnownFileType = sourcecode.swift; path = DataTableViewModelTests.swift; sourceTree = "<group>"; };
		40DF5FB22B203D99007A076F /* StarQualityViewModelTests.swift */ = {isa = PBXFileReference; lastKnownFileType = sourcecode.swift; path = StarQualityViewModelTests.swift; sourceTree = "<group>"; };
		40DF5FB42B203F32007A076F /* WeatherViewModelTests.swift */ = {isa = PBXFileReference; lastKnownFileType = sourcecode.swift; path = WeatherViewModelTests.swift; sourceTree = "<group>"; };
		40E4428327875D9F00FE245D /* Canyoneer.app */ = {isa = PBXFileReference; explicitFileType = wrapper.application; includeInIndex = 0; path = Canyoneer.app; sourceTree = BUILT_PRODUCTS_DIR; };
		40E4428F27875DA000FE245D /* Assets.xcassets */ = {isa = PBXFileReference; lastKnownFileType = folder.assetcatalog; path = Assets.xcassets; sourceTree = "<group>"; };
		40E4429227875DA000FE245D /* Base */ = {isa = PBXFileReference; lastKnownFileType = file.storyboard; name = Base; path = Base.lproj/LaunchScreen.storyboard; sourceTree = "<group>"; };
		40E4429427875DA000FE245D /* Info.plist */ = {isa = PBXFileReference; lastKnownFileType = text.plist.xml; path = Info.plist; sourceTree = "<group>"; };
		40E4429927875DA100FE245D /* CanyoneerTests.xctest */ = {isa = PBXFileReference; explicitFileType = wrapper.cfbundle; includeInIndex = 0; path = CanyoneerTests.xctest; sourceTree = BUILT_PRODUCTS_DIR; };
		40E442B827875EB200FE245D /* Region.swift */ = {isa = PBXFileReference; lastKnownFileType = sourcecode.swift; path = Region.swift; sourceTree = "<group>"; };
		40E442C72787601D00FE245D /* Logger.swift */ = {isa = PBXFileReference; lastKnownFileType = sourcecode.swift; path = Logger.swift; sourceTree = "<group>"; };
		40E442D42787614000FE245D /* ColorPalette.swift */ = {isa = PBXFileReference; fileEncoding = 4; lastKnownFileType = sourcecode.swift; path = ColorPalette.swift; sourceTree = "<group>"; };
		40E442D52787614000FE245D /* Grid.swift */ = {isa = PBXFileReference; fileEncoding = 4; lastKnownFileType = sourcecode.swift; path = Grid.swift; sourceTree = "<group>"; };
		40E442DE2787630700FE245D /* GlobalStrings.swift */ = {isa = PBXFileReference; lastKnownFileType = sourcecode.swift; path = GlobalStrings.swift; sourceTree = "<group>"; };
		40E442E327876F7E00FE245D /* SearchResult.swift */ = {isa = PBXFileReference; lastKnownFileType = sourcecode.swift; path = SearchResult.swift; sourceTree = "<group>"; };
		40E442E527876F9600FE245D /* Canyon.swift */ = {isa = PBXFileReference; lastKnownFileType = sourcecode.swift; path = Canyon.swift; sourceTree = "<group>"; };
		40E442F72787770200FE245D /* ContainedButton.swift */ = {isa = PBXFileReference; lastKnownFileType = sourcecode.swift; path = ContainedButton.swift; sourceTree = "<group>"; };
		40E442F92787777700FE245D /* FontBook.swift */ = {isa = PBXFileReference; lastKnownFileType = sourcecode.swift; path = FontBook.swift; sourceTree = "<group>"; };
		40E4430027877C5500FE245D /* GlobalConstants.swift */ = {isa = PBXFileReference; lastKnownFileType = sourcecode.swift; path = GlobalConstants.swift; sourceTree = "<group>"; };
		40E4430627877F9500FE245D /* CanyonView.swift */ = {isa = PBXFileReference; lastKnownFileType = sourcecode.swift; path = CanyonView.swift; sourceTree = "<group>"; };
		40E4430C2787842800FE245D /* CanyonDetailView.swift */ = {isa = PBXFileReference; lastKnownFileType = sourcecode.swift; path = CanyonDetailView.swift; sourceTree = "<group>"; };
		40E4431C27879F1D00FE245D /* MapView.swift */ = {isa = PBXFileReference; lastKnownFileType = sourcecode.swift; path = MapView.swift; sourceTree = "<group>"; };
		40E4431E2787A0C000FE245D /* MapViewModel.swift */ = {isa = PBXFileReference; lastKnownFileType = sourcecode.swift; path = MapViewModel.swift; sourceTree = "<group>"; };
		40E443212787A0F200FE245D /* RopeWikiService.swift */ = {isa = PBXFileReference; lastKnownFileType = sourcecode.swift; path = RopeWikiService.swift; sourceTree = "<group>"; };
		40E443252787A23A00FE245D /* SearchService.swift */ = {isa = PBXFileReference; lastKnownFileType = sourcecode.swift; path = SearchService.swift; sourceTree = "<group>"; };
		40E4432B2787D80100FE245D /* CanyonPoint.swift */ = {isa = PBXFileReference; lastKnownFileType = sourcecode.swift; path = CanyonPoint.swift; sourceTree = "<group>"; };
		40E4432E2787D90C00FE245D /* RequestError.swift */ = {isa = PBXFileReference; lastKnownFileType = sourcecode.swift; path = RequestError.swift; sourceTree = "<group>"; };
		40E443302787E2CA00FE245D /* NonClusteringMKMarkerAnnotationView.swift */ = {isa = PBXFileReference; lastKnownFileType = sourcecode.swift; path = NonClusteringMKMarkerAnnotationView.swift; sourceTree = "<group>"; };
		40E44334278886CC00FE245D /* DataTableView.swift */ = {isa = PBXFileReference; lastKnownFileType = sourcecode.swift; path = DataTableView.swift; sourceTree = "<group>"; };
		40E4433627888D9100FE245D /* LocationService.swift */ = {isa = PBXFileReference; lastKnownFileType = sourcecode.swift; path = LocationService.swift; sourceTree = "<group>"; };
		40E4433B2788A25B00FE245D /* BottomSheetViewController.swift */ = {isa = PBXFileReference; fileEncoding = 4; lastKnownFileType = sourcecode.swift; path = BottomSheetViewController.swift; sourceTree = "<group>"; };
		40E4433E2788F1D600FE245D /* SpreadFilter.swift */ = {isa = PBXFileReference; lastKnownFileType = sourcecode.swift; path = SpreadFilter.swift; sourceTree = "<group>"; };
		40E443402789F36C00FE245D /* CanyonFilterSheetView.swift */ = {isa = PBXFileReference; lastKnownFileType = sourcecode.swift; path = CanyonFilterSheetView.swift; sourceTree = "<group>"; };
		40E443452789F8A100FE245D /* MultiSelectView.swift */ = {isa = PBXFileReference; lastKnownFileType = sourcecode.swift; path = MultiSelectView.swift; sourceTree = "<group>"; };
		40E44347278A0A7100FE245D /* BestSeasonsViewModel.swift */ = {isa = PBXFileReference; lastKnownFileType = sourcecode.swift; path = BestSeasonsViewModel.swift; sourceTree = "<group>"; };
		40E44349278B327B00FE245D /* ComparisonPicker.swift */ = {isa = PBXFileReference; lastKnownFileType = sourcecode.swift; path = ComparisonPicker.swift; sourceTree = "<group>"; };
		40FDB37D2791CF5D0065FF47 /* MapboxMap.swift */ = {isa = PBXFileReference; lastKnownFileType = sourcecode.swift; path = MapboxMap.swift; sourceTree = "<group>"; };
		40FDB3822791D0E30065FF47 /* TopoLineType.swift */ = {isa = PBXFileReference; lastKnownFileType = sourcecode.swift; path = TopoLineType.swift; sourceTree = "<group>"; };
		40FDB3872791FCCB0065FF47 /* GPXService.swift */ = {isa = PBXFileReference; lastKnownFileType = sourcecode.swift; path = GPXService.swift; sourceTree = "<group>"; };
		40FDB3892791FCDE0065FF47 /* Data+toFile.swift */ = {isa = PBXFileReference; lastKnownFileType = sourcecode.swift; path = "Data+toFile.swift"; sourceTree = "<group>"; };
		40FDB38B2791FCFD0065FF47 /* FileAccess.swift */ = {isa = PBXFileReference; lastKnownFileType = sourcecode.swift; path = FileAccess.swift; sourceTree = "<group>"; };
		40FDB38D279218C50065FF47 /* SolarService.swift */ = {isa = PBXFileReference; lastKnownFileType = sourcecode.swift; path = SolarService.swift; sourceTree = "<group>"; };
		40FDB3922792270F0065FF47 /* WeatherDataPointTests+Strings.swift */ = {isa = PBXFileReference; lastKnownFileType = sourcecode.swift; path = "WeatherDataPointTests+Strings.swift"; sourceTree = "<group>"; };
		40FDB39427922C950065FF47 /* MapService.swift */ = {isa = PBXFileReference; lastKnownFileType = sourcecode.swift; path = MapService.swift; sourceTree = "<group>"; };
		40FDB39D27970DAC0065FF47 /* UIColor+hex.swift */ = {isa = PBXFileReference; lastKnownFileType = sourcecode.swift; path = "UIColor+hex.swift"; sourceTree = "<group>"; };
/* End PBXFileReference section */

/* Begin PBXFrameworksBuildPhase section */
		40E4428027875D9F00FE245D /* Frameworks */ = {
			isa = PBXFrameworksBuildPhase;
			buildActionMask = 2147483647;
			files = (
				406BC85B2940B9680096769B /* MapboxMaps in Frameworks */,
				40FDB391279218EA0065FF47 /* Solar in Frameworks */,
				40FDB3862791FAA00065FF47 /* CoreGPX in Frameworks */,
				405E67CF2799C38800BA41D9 /* Lottie in Frameworks */,
			);
			runOnlyForDeploymentPostprocessing = 0;
		};
		40E4429627875DA100FE245D /* Frameworks */ = {
			isa = PBXFrameworksBuildPhase;
			buildActionMask = 2147483647;
			files = (
			);
			runOnlyForDeploymentPostprocessing = 0;
		};
/* End PBXFrameworksBuildPhase section */

/* Begin PBXGroup section */
		4005DFC1278F67ED00EB1640 /* Search */ = {
			isa = PBXGroup;
			children = (
				4005DFCA278F7AAD00EB1640 /* NearMeViewModelTests.swift */,
				4005DFC2278F67F800EB1640 /* FavoritesViewModelTests.swift */,
				4005DFC4278F6F0300EB1640 /* CanyonFilterViewModelTests+update.swift */,
				4005DFC6278F733400EB1640 /* CanyonFilterViewModelTests+filter.swift */,
			);
			path = Search;
			sourceTree = "<group>";
		};
		4032AEC9278F3FCD002EEA4E /* MockServices */ = {
			isa = PBXGroup;
			children = (
				4032AECA278F3FD8002EEA4E /* MockRopeWikiService.swift */,
				4005DFCC278F7B0A00EB1640 /* MockSearchService.swift */,
			);
			path = MockServices;
			sourceTree = "<group>";
		};
		4032AECE278F41DA002EEA4E /* Canyon */ = {
			isa = PBXGroup;
			children = (
				40DF5FB02B203D55007A076F /* DataTableViewModelTests.swift */,
				40DF5FB22B203D99007A076F /* StarQualityViewModelTests.swift */,
				4032AECC278F41D0002EEA4E /* CanyonDetailViewModelTests.swift */,
				4032AEBC278F3028002EEA4E /* CanyonViewControllerTests.swift */,
				4032AEC0278F3AB7002EEA4E /* CanyonViewModelTests.swift */,
				40FDB3922792270F0065FF47 /* WeatherDataPointTests+Strings.swift */,
				40DF5FB42B203F32007A076F /* WeatherViewModelTests.swift */,
			);
			path = Canyon;
			sourceTree = "<group>";
		};
		4032AECF278F41E6002EEA4E /* View */ = {
			isa = PBXGroup;
			children = (
				4005DFC1278F67ED00EB1640 /* Search */,
				4032AECE278F41DA002EEA4E /* Canyon */,
			);
			path = View;
			sourceTree = "<group>";
		};
		405E67C1279789C700BA41D9 /* ResultsBase */ = {
			isa = PBXGroup;
			children = (
				40218D7227A83714006A6ABC /* CanyonItemView.swift */,
				405E67AD2797865C00BA41D9 /* ResultListView.swift */,
				405E67B12797865D00BA41D9 /* ResultsViewModel.swift */,
			);
			path = ResultsBase;
			sourceTree = "<group>";
		};
		405E67C2279789D400BA41D9 /* Favorites */ = {
			isa = PBXGroup;
			children = (
				405E6791279736C600BA41D9 /* DownloadBar.swift */,
				405E67BF2797869100BA41D9 /* FavoriteListView.swift */,
				405E67AF2797865C00BA41D9 /* FavoritesViewModel.swift */,
			);
			path = Favorites;
			sourceTree = "<group>";
		};
		405E67C4279789E200BA41D9 /* NearMe */ = {
			isa = PBXGroup;
			children = (
				405E67AE2797865C00BA41D9 /* NearMeView.swift */,
				405E67B22797865D00BA41D9 /* NearMeViewModel.swift */,
			);
			path = NearMe;
			sourceTree = "<group>";
		};
		4068C3522B14CE6B0033707F /* Foundation */ = {
			isa = PBXGroup;
			children = (
				40E442C72787601D00FE245D /* Logger.swift */,
				4068C3502B14CC090033707F /* GeneralError.swift */,
			);
			path = Foundation;
			sourceTree = "<group>";
		};
		4068C3572B17930F0033707F /* ViewModifiers */ = {
			isa = PBXGroup;
			children = (
				4068C3582B17931D0033707F /* CanyonDetailHeader.swift */,
			);
			path = ViewModifiers;
			sourceTree = "<group>";
		};
		4068C3702B18DA6A0033707F /* Shared */ = {
			isa = PBXGroup;
			children = (
				40E4433D2788F1C800FE245D /* Filters */,
				4068C35A2B179A9F0033707F /* StarQualityView.swift */,
				40DF5FAA2B1D5802007A076F /* BestSeasonsView.swift */,
				40E44347278A0A7100FE245D /* BestSeasonsViewModel.swift */,
			);
			path = Shared;
			sourceTree = "<group>";
		};
		40783CE5278DF44F001E78DB /* Persistence */ = {
			isa = PBXGroup;
			children = (
				40783CEA278DF5E3001E78DB /* Storage.swift */,
				40783CE6278DF46A001E78DB /* InMemoryStorage.swift */,
				40783CEC278DF63F001E78DB /* UserPreferencesStorage.swift */,
				40783CE7278DF46A001E78DB /* UserPreferencesStorage+favorite.swift */,
				406BC85C2940C4040096769B /* UserDefaults+location.swift */,
			);
			path = Persistence;
			sourceTree = "<group>";
		};
		407FB7652790CD9B008B65BE /* BusinessLogic */ = {
			isa = PBXGroup;
			children = (
				407FB75D2790CD2B008B65BE /* NOAASerializer.swift */,
				407FB7662790CDB3008B65BE /* UnitConverter.swift */,
			);
			path = BusinessLogic;
			sourceTree = "<group>";
		};
		407FB77427910328008B65BE /* AppleMaps */ = {
			isa = PBXGroup;
			children = (
				407FB75027906CAC008B65BE /* AppleMapObjects.swift */,
				407FB7722790FF7B008B65BE /* AppleMapView.swift */,
				4005DFCE278F96E100EB1640 /* MapView+annotations.swift */,
				40E443302787E2CA00FE245D /* NonClusteringMKMarkerAnnotationView.swift */,
			);
			path = AppleMaps;
			sourceTree = "<group>";
		};
		40DF5F9F2B1BB75F007A076F /* Weather */ = {
			isa = PBXGroup;
			children = (
				4068C3712B18DA760033707F /* WeatherViewModel.swift */,
				407FB76A2790D591008B65BE /* WeatherForecastView.swift */,
				407FB76C2790D59C008B65BE /* WeatherForecastDayView.swift */,
			);
			path = Weather;
			sourceTree = "<group>";
		};
		40E4427A27875D9F00FE245D = {
			isa = PBXGroup;
			children = (
				40E4428527875D9F00FE245D /* Canyoneer */,
				40E4429C27875DA100FE245D /* CanyoneerTests */,
				40E4428427875D9F00FE245D /* Products */,
			);
			sourceTree = "<group>";
		};
		40E4428427875D9F00FE245D /* Products */ = {
			isa = PBXGroup;
			children = (
				40E4428327875D9F00FE245D /* Canyoneer.app */,
				40E4429927875DA100FE245D /* CanyoneerTests.xctest */,
			);
			name = Products;
			sourceTree = "<group>";
		};
		40E4428527875D9F00FE245D /* Canyoneer */ = {
			isa = PBXGroup;
			children = (
				40DF5F972B1BAFC5007A076F /* Window.swift */,
				40DF5F992B1BAFFC007A076F /* MainView.swift */,
				40DF5F9B2B1BB3F0007A076F /* MainViewModel.swift */,
				40DF5F9D2B1BB460007A076F /* MainTabView.swift */,
				4068C3522B14CE6B0033707F /* Foundation */,
				40E442C62787601300FE245D /* AppDataKit */,
				40E442BE27875FB800FE245D /* DesignSystem */,
				40E442B727875E9F00FE245D /* View */,
				405E67E6279A075B00BA41D9 /* simple_rap.json */,
				40E4428F27875DA000FE245D /* Assets.xcassets */,
				40E4429127875DA000FE245D /* LaunchScreen.storyboard */,
				4089A1342B0AD15900886179 /* ropewiki_database_pt1.json */,
				4089A1352B0AD15A00886179 /* ropewiki_database_pt2.json */,
				40E4429427875DA000FE245D /* Info.plist */,
			);
			path = Canyoneer;
			sourceTree = "<group>";
		};
		40E4429C27875DA100FE245D /* CanyoneerTests */ = {
			isa = PBXGroup;
			children = (
				4032AEC9278F3FCD002EEA4E /* MockServices */,
				4032AECF278F41E6002EEA4E /* View */,
			);
			path = CanyoneerTests;
			sourceTree = "<group>";
		};
		40E442B627875E9800FE245D /* Models */ = {
			isa = PBXGroup;
			children = (
				40E442B827875EB200FE245D /* Region.swift */,
				40E442E527876F9600FE245D /* Canyon.swift */,
				40E4432B2787D80100FE245D /* CanyonPoint.swift */,
				4089A12F2B0AC91800886179 /* Coordinate.swift */,
				4089A1312B0AC98D00886179 /* CoordinateTests.swift */,
				407FB74E278FC805008B65BE /* GeoJson.swift */,
				407FB75B2790CD2B008B65BE /* NOAAData.swift */,
				40E442E327876F7E00FE245D /* SearchResult.swift */,
				407FB75C2790CD2B008B65BE /* WeatherDataPoint.swift */,
				407FB7592790CD2B008B65BE /* WeatherDataResponse.swift */,
			);
			path = Models;
			sourceTree = "<group>";
		};
		40E442B727875E9F00FE245D /* View */ = {
			isa = PBXGroup;
			children = (
				4068C3702B18DA6A0033707F /* Shared */,
				40E4431B27879EFA00FE245D /* Map */,
				40E4430227877F7D00FE245D /* Canyon */,
				405E67C1279789C700BA41D9 /* ResultsBase */,
				405E67C2279789D400BA41D9 /* Favorites */,
				405E67C4279789E200BA41D9 /* NearMe */,
				40E442E72787701500FE245D /* Search */,
			);
			path = View;
			sourceTree = "<group>";
		};
		40E442BE27875FB800FE245D /* DesignSystem */ = {
			isa = PBXGroup;
			children = (
				4068C3572B17930F0033707F /* ViewModifiers */,
				40E442C9278760CB00FE245D /* Components */,
				40E442D22787610600FE245D /* Foundation */,
				40E442D92787614900FE245D /* Extensions */,
			);
			path = DesignSystem;
			sourceTree = "<group>";
		};
		40E442C62787601300FE245D /* AppDataKit */ = {
			isa = PBXGroup;
			children = (
				40783CE5278DF44F001E78DB /* Persistence */,
				40E4432D2787D90100FE245D /* Network */,
				407FB7652790CD9B008B65BE /* BusinessLogic */,
				40E443202787A0E200FE245D /* Services */,
				40E442B627875E9800FE245D /* Models */,
				40E443382788913000FE245D /* Extensions */,
			);
			path = AppDataKit;
			sourceTree = "<group>";
		};
		40E442C9278760CB00FE245D /* Components */ = {
			isa = PBXGroup;
			children = (
				40E4433B2788A25B00FE245D /* BottomSheetViewController.swift */,
				40DF5FA42B1BEF0E007A076F /* ShareSheetView.swift */,
				4068C3732B1A3A8D0033707F /* MultiPicker.swift */,
				4068C3682B18CAA60033707F /* DetailDivider.swift */,
				40E442F72787770200FE245D /* ContainedButton.swift */,
				4068C36C2B18D4D90033707F /* SimpleButton.swift */,
				40E44334278886CC00FE245D /* DataTableView.swift */,
				40DF5FAC2B1D5D47007A076F /* DataTableViewModel.swift */,
				40DF5FA02B1BC500007A076F /* LargeProgressView.swift */,
				40DF5FAE2B1E2902007A076F /* AnyUIKitView.swift */,
			);
			path = Components;
			sourceTree = "<group>";
		};
		40E442D22787610600FE245D /* Foundation */ = {
			isa = PBXGroup;
			children = (
				40E442D42787614000FE245D /* ColorPalette.swift */,
				40E442F92787777700FE245D /* FontBook.swift */,
				40E442D52787614000FE245D /* Grid.swift */,
				40E4430027877C5500FE245D /* GlobalConstants.swift */,
				40E442DE2787630700FE245D /* GlobalStrings.swift */,
				4068C36A2B18CB190033707F /* CommonStrings.swift */,
			);
			path = Foundation;
			sourceTree = "<group>";
		};
		40E442D92787614900FE245D /* Extensions */ = {
			isa = PBXGroup;
			children = (
				40FDB39D27970DAC0065FF47 /* UIColor+hex.swift */,
				40DF5FA62B1BF1A9007A076F /* Canyon+detailString.swift */,
			);
			path = Extensions;
			sourceTree = "<group>";
		};
		40E442E72787701500FE245D /* Search */ = {
			isa = PBXGroup;
			children = (
				405E67B32797865D00BA41D9 /* SearchView.swift */,
				405E67B52797865D00BA41D9 /* SearchViewModel.swift */,
			);
			path = Search;
			sourceTree = "<group>";
		};
		40E4430227877F7D00FE245D /* Canyon */ = {
			isa = PBXGroup;
			children = (
				40DF5F9F2B1BB75F007A076F /* Weather */,
				4068C3552B16F9700033707F /* WebView.swift */,
				4068C36E2B18D7B50033707F /* CanyonDetailViewModel.swift */,
				40E4430C2787842800FE245D /* CanyonDetailView.swift */,
				40E4430627877F9500FE245D /* CanyonView.swift */,
				4032AEBE278F324D002EEA4E /* CanyonViewModel.swift */,
				40DF5FA82B1BFFFB007A076F /* CanyonViewModel+share.swift */,
			);
			path = Canyon;
			sourceTree = "<group>";
		};
		40E4431B27879EFA00FE245D /* Map */ = {
			isa = PBXGroup;
			children = (
				407FB7702790FF49008B65BE /* CanyonMap.swift */,
				40FDB3822791D0E30065FF47 /* TopoLineType.swift */,
				40FDB3762791CF170065FF47 /* MapBox */,
				407FB77427910328008B65BE /* AppleMaps */,
				40E4431C27879F1D00FE245D /* MapView.swift */,
				40E4431E2787A0C000FE245D /* MapViewModel.swift */,
				405E67B42797865D00BA41D9 /* MapListViewModel.swift */,
				407FB75227906DF0008B65BE /* MapLegendView.swift */,
			);
			path = Map;
			sourceTree = "<group>";
		};
		40E443202787A0E200FE245D /* Services */ = {
			isa = PBXGroup;
			children = (
				40E443212787A0F200FE245D /* RopeWikiService.swift */,
				40FDB39427922C950065FF47 /* MapService.swift */,
				40FDB38D279218C50065FF47 /* SolarService.swift */,
				40E443252787A23A00FE245D /* SearchService.swift */,
				40E4433627888D9100FE245D /* LocationService.swift */,
				40FDB3872791FCCB0065FF47 /* GPXService.swift */,
				40A71D902B084995000DFC3A /* GPXService+simplify.swift */,
				408B33012B0ABE9F000CD934 /* GPXService+simplifyTests.swift */,
				4005DFB5278F583500EB1640 /* FavoriteService.swift */,
				407FB75A2790CD2B008B65BE /* NOAAWeatherService.swift */,
			);
			path = Services;
			sourceTree = "<group>";
		};
		40E4432D2787D90100FE245D /* Network */ = {
			isa = PBXGroup;
			children = (
				40E4432E2787D90C00FE245D /* RequestError.swift */,
				407FB75E2790CD2B008B65BE /* NetworkService.swift */,
			);
			path = Network;
			sourceTree = "<group>";
		};
		40E443382788913000FE245D /* Extensions */ = {
			isa = PBXGroup;
			children = (
				4032AEC7278F3EFE002EEA4E /* Array+safe.swift */,
				4005DFBD278F5DD900EB1640 /* Logger+error.swift */,
				40FDB3892791FCDE0065FF47 /* Data+toFile.swift */,
				405E679327973BBE00BA41D9 /* DispatchTime+duration.swift */,
				40FDB38B2791FCFD0065FF47 /* FileAccess.swift */,
			);
			path = Extensions;
			sourceTree = "<group>";
		};
		40E4433D2788F1C800FE245D /* Filters */ = {
			isa = PBXGroup;
			children = (
				4005DFBF278F60C500EB1640 /* CanyonFilterViewModel.swift */,
				40E443402789F36C00FE245D /* CanyonFilterSheetView.swift */,
				40DF5F5F2B1BAD57007A076F /* CanyonFilterSheetViewModel.swift */,
				40E443452789F8A100FE245D /* MultiSelectView.swift */,
				40DF5F5D2B1B9297007A076F /* SingleSelectView.swift */,
				40E4433E2788F1D600FE245D /* SpreadFilter.swift */,
				40E44349278B327B00FE245D /* ComparisonPicker.swift */,
			);
			path = Filters;
			sourceTree = "<group>";
		};
		40FDB3762791CF170065FF47 /* MapBox */ = {
			isa = PBXGroup;
			children = (
				40FDB37D2791CF5D0065FF47 /* MapboxMap.swift */,
			);
			path = MapBox;
			sourceTree = "<group>";
		};
/* End PBXGroup section */

/* Begin PBXNativeTarget section */
		40E4428227875D9F00FE245D /* Canyoneer */ = {
			isa = PBXNativeTarget;
			buildConfigurationList = 40E442AD27875DA100FE245D /* Build configuration list for PBXNativeTarget "Canyoneer" */;
			buildPhases = (
				40E4427F27875D9F00FE245D /* Sources */,
				40E4428027875D9F00FE245D /* Frameworks */,
				40E4428127875D9F00FE245D /* Resources */,
			);
			buildRules = (
			);
			dependencies = (
			);
			name = Canyoneer;
			packageProductDependencies = (
				40FDB3852791FAA00065FF47 /* CoreGPX */,
				40FDB390279218EA0065FF47 /* Solar */,
				405E67CE2799C38800BA41D9 /* Lottie */,
				406BC85A2940B9680096769B /* MapboxMaps */,
			);
			productName = Canyoneer;
			productReference = 40E4428327875D9F00FE245D /* Canyoneer.app */;
			productType = "com.apple.product-type.application";
		};
		40E4429827875DA100FE245D /* CanyoneerTests */ = {
			isa = PBXNativeTarget;
			buildConfigurationList = 40E442B027875DA100FE245D /* Build configuration list for PBXNativeTarget "CanyoneerTests" */;
			buildPhases = (
				40E4429527875DA100FE245D /* Sources */,
				40E4429627875DA100FE245D /* Frameworks */,
				40E4429727875DA100FE245D /* Resources */,
			);
			buildRules = (
			);
			dependencies = (
				40E4429B27875DA100FE245D /* PBXTargetDependency */,
			);
			name = CanyoneerTests;
			packageProductDependencies = (
			);
			productName = CanyoneerTests;
			productReference = 40E4429927875DA100FE245D /* CanyoneerTests.xctest */;
			productType = "com.apple.product-type.bundle.unit-test";
		};
/* End PBXNativeTarget section */

/* Begin PBXProject section */
		40E4427B27875D9F00FE245D /* Project object */ = {
			isa = PBXProject;
			attributes = {
				BuildIndependentTargetsInParallel = 1;
				LastSwiftUpdateCheck = 1320;
				LastUpgradeCheck = 1320;
				TargetAttributes = {
					40E4428227875D9F00FE245D = {
						CreatedOnToolsVersion = 13.2;
					};
					40E4429827875DA100FE245D = {
						CreatedOnToolsVersion = 13.2;
						TestTargetID = 40E4428227875D9F00FE245D;
					};
				};
			};
			buildConfigurationList = 40E4427E27875D9F00FE245D /* Build configuration list for PBXProject "Canyoneer" */;
			compatibilityVersion = "Xcode 13.0";
			developmentRegion = en;
			hasScannedForEncodings = 0;
			knownRegions = (
				en,
				Base,
			);
			mainGroup = 40E4427A27875D9F00FE245D;
			packageReferences = (
				40FDB3842791FA9F0065FF47 /* XCRemoteSwiftPackageReference "CoreGPX" */,
				40FDB38F279218EA0065FF47 /* XCRemoteSwiftPackageReference "Solar" */,
				405E67CD2799C38600BA41D9 /* XCRemoteSwiftPackageReference "lottie-ios" */,
				406BC8592940B9680096769B /* XCRemoteSwiftPackageReference "mapbox-maps-ios" */,
			);
			productRefGroup = 40E4428427875D9F00FE245D /* Products */;
			projectDirPath = "";
			projectRoot = "";
			targets = (
				40E4428227875D9F00FE245D /* Canyoneer */,
				40E4429827875DA100FE245D /* CanyoneerTests */,
			);
		};
/* End PBXProject section */

/* Begin PBXResourcesBuildPhase section */
		40E4428127875D9F00FE245D /* Resources */ = {
			isa = PBXResourcesBuildPhase;
			buildActionMask = 2147483647;
			files = (
				40E4429327875DA000FE245D /* LaunchScreen.storyboard in Resources */,
				405E67E7279A075B00BA41D9 /* simple_rap.json in Resources */,
				4089A1372B0AD15A00886179 /* ropewiki_database_pt2.json in Resources */,
				4089A1362B0AD15A00886179 /* ropewiki_database_pt1.json in Resources */,
				40E4429027875DA000FE245D /* Assets.xcassets in Resources */,
			);
			runOnlyForDeploymentPostprocessing = 0;
		};
		40E4429727875DA100FE245D /* Resources */ = {
			isa = PBXResourcesBuildPhase;
			buildActionMask = 2147483647;
			files = (
			);
			runOnlyForDeploymentPostprocessing = 0;
		};
/* End PBXResourcesBuildPhase section */

/* Begin PBXSourcesBuildPhase section */
		40E4427F27875D9F00FE245D /* Sources */ = {
			isa = PBXSourcesBuildPhase;
			buildActionMask = 2147483647;
			files = (
				407FB7642790CD2B008B65BE /* NetworkService.swift in Sources */,
				40DF5F9A2B1BAFFC007A076F /* MainView.swift in Sources */,
				4068C3562B16F9700033707F /* WebView.swift in Sources */,
				407FB76D2790D59C008B65BE /* WeatherForecastDayView.swift in Sources */,
				4032AEBF278F324D002EEA4E /* CanyonViewModel.swift in Sources */,
				40E442E427876F7E00FE245D /* SearchResult.swift in Sources */,
				40FDB39E27970DAC0065FF47 /* UIColor+hex.swift in Sources */,
				405E67B82797865D00BA41D9 /* FavoritesViewModel.swift in Sources */,
				4068C3692B18CAA60033707F /* DetailDivider.swift in Sources */,
				407FB75327906DF0008B65BE /* MapLegendView.swift in Sources */,
				405E67BE2797865D00BA41D9 /* SearchViewModel.swift in Sources */,
				40A71D912B084995000DFC3A /* GPXService+simplify.swift in Sources */,
				40FDB39527922C950065FF47 /* MapService.swift in Sources */,
				40DF5FA72B1BF1A9007A076F /* Canyon+detailString.swift in Sources */,
				40FDB37E2791CF5D0065FF47 /* MapboxMap.swift in Sources */,
				40FDB3882791FCCB0065FF47 /* GPXService.swift in Sources */,
				40E442F82787770200FE245D /* ContainedButton.swift in Sources */,
				40DF5F9E2B1BB460007A076F /* MainTabView.swift in Sources */,
				40E442DF2787630700FE245D /* GlobalStrings.swift in Sources */,
				40E4431D27879F1D00FE245D /* MapView.swift in Sources */,
				405E67C02797869100BA41D9 /* FavoriteListView.swift in Sources */,
				40DF5FAB2B1D5802007A076F /* BestSeasonsView.swift in Sources */,
				4068C36B2B18CB190033707F /* CommonStrings.swift in Sources */,
				4089A1302B0AC91800886179 /* Coordinate.swift in Sources */,
				40E442E627876F9600FE245D /* Canyon.swift in Sources */,
				405E67BD2797865D00BA41D9 /* MapListViewModel.swift in Sources */,
				40E4430D2787842800FE245D /* CanyonDetailView.swift in Sources */,
				407FB75127906CAC008B65BE /* AppleMapObjects.swift in Sources */,
				4005DFBE278F5DD900EB1640 /* Logger+error.swift in Sources */,
				4005DFC0278F60C500EB1640 /* CanyonFilterViewModel.swift in Sources */,
				407FB7712790FF49008B65BE /* CanyonMap.swift in Sources */,
				40E443222787A0F200FE245D /* RopeWikiService.swift in Sources */,
				407FB7632790CD2B008B65BE /* NOAASerializer.swift in Sources */,
				40DF5FA52B1BEF0E007A076F /* ShareSheetView.swift in Sources */,
				40FDB38C2791FCFD0065FF47 /* FileAccess.swift in Sources */,
				4068C3742B1A3A8D0033707F /* MultiPicker.swift in Sources */,
				4005DFCF278F96E100EB1640 /* MapView+annotations.swift in Sources */,
				40783CED278DF63F001E78DB /* UserPreferencesStorage.swift in Sources */,
				40218D7327A83714006A6ABC /* CanyonItemView.swift in Sources */,
				40783CE8278DF46A001E78DB /* InMemoryStorage.swift in Sources */,
				405E67BB2797865D00BA41D9 /* NearMeViewModel.swift in Sources */,
				407FB7622790CD2B008B65BE /* WeatherDataPoint.swift in Sources */,
				407FB7732790FF7B008B65BE /* AppleMapView.swift in Sources */,
				4068C3512B14CC090033707F /* GeneralError.swift in Sources */,
				40E4432C2787D80100FE245D /* CanyonPoint.swift in Sources */,
				407FB76B2790D592008B65BE /* WeatherForecastView.swift in Sources */,
				4068C36F2B18D7B50033707F /* CanyonDetailViewModel.swift in Sources */,
				40E4433C2788A25B00FE245D /* BottomSheetViewController.swift in Sources */,
				40E4434A278B327C00FE245D /* ComparisonPicker.swift in Sources */,
				40E4430727877F9500FE245D /* CanyonView.swift in Sources */,
				407FB74F278FC805008B65BE /* GeoJson.swift in Sources */,
				40E4430127877C5500FE245D /* GlobalConstants.swift in Sources */,
				40DF5F982B1BAFC5007A076F /* Window.swift in Sources */,
				40E44348278A0A7100FE245D /* BestSeasonsViewModel.swift in Sources */,
				40E4433727888D9100FE245D /* LocationService.swift in Sources */,
				40DF5FA12B1BC500007A076F /* LargeProgressView.swift in Sources */,
				40783CE9278DF46A001E78DB /* UserPreferencesStorage+favorite.swift in Sources */,
				40E442C82787601D00FE245D /* Logger.swift in Sources */,
				40DF5FAD2B1D5D47007A076F /* DataTableViewModel.swift in Sources */,
				40DF5FA92B1BFFFB007A076F /* CanyonViewModel+share.swift in Sources */,
				40E443262787A23A00FE245D /* SearchService.swift in Sources */,
				4032AEC8278F3EFE002EEA4E /* Array+safe.swift in Sources */,
				40E4431F2787A0C000FE245D /* MapViewModel.swift in Sources */,
				40E4433F2788F1D600FE245D /* SpreadFilter.swift in Sources */,
				40E442D82787614000FE245D /* Grid.swift in Sources */,
				407FB7612790CD2B008B65BE /* NOAAData.swift in Sources */,
				40E442D72787614000FE245D /* ColorPalette.swift in Sources */,
				4068C35B2B179A9F0033707F /* StarQualityView.swift in Sources */,
				405E6792279736C600BA41D9 /* DownloadBar.swift in Sources */,
				4068C36D2B18D4D90033707F /* SimpleButton.swift in Sources */,
				405E67BC2797865D00BA41D9 /* SearchView.swift in Sources */,
				40E443462789F8A100FE245D /* MultiSelectView.swift in Sources */,
				407FB7602790CD2B008B65BE /* NOAAWeatherService.swift in Sources */,
				40DF5F9C2B1BB3F0007A076F /* MainViewModel.swift in Sources */,
				405E679427973BBE00BA41D9 /* DispatchTime+duration.swift in Sources */,
				40E44335278886CC00FE245D /* DataTableView.swift in Sources */,
				407FB7672790CDB3008B65BE /* UnitConverter.swift in Sources */,
				40E4432F2787D90C00FE245D /* RequestError.swift in Sources */,
				405E67BA2797865D00BA41D9 /* ResultsViewModel.swift in Sources */,
				40FDB38A2791FCDE0065FF47 /* Data+toFile.swift in Sources */,
				40E443412789F36C00FE245D /* CanyonFilterSheetView.swift in Sources */,
				405E67B72797865D00BA41D9 /* NearMeView.swift in Sources */,
				40DF5F5E2B1B9297007A076F /* SingleSelectView.swift in Sources */,
				405E67B62797865D00BA41D9 /* ResultListView.swift in Sources */,
				406BC85D2940C4040096769B /* UserDefaults+location.swift in Sources */,
				4005DFB6278F583500EB1640 /* FavoriteService.swift in Sources */,
				407FB75F2790CD2B008B65BE /* WeatherDataResponse.swift in Sources */,
				40DF5F602B1BAD57007A076F /* CanyonFilterSheetViewModel.swift in Sources */,
				40DF5FAF2B1E2902007A076F /* AnyUIKitView.swift in Sources */,
				40E442B927875EB200FE245D /* Region.swift in Sources */,
				40FDB38E279218C50065FF47 /* SolarService.swift in Sources */,
				40783CEB278DF5E3001E78DB /* Storage.swift in Sources */,
				4068C3592B17931D0033707F /* CanyonDetailHeader.swift in Sources */,
				40E442FA2787777700FE245D /* FontBook.swift in Sources */,
				4068C3722B18DA760033707F /* WeatherViewModel.swift in Sources */,
				40E443312787E2CA00FE245D /* NonClusteringMKMarkerAnnotationView.swift in Sources */,
				40FDB3832791D0E30065FF47 /* TopoLineType.swift in Sources */,
			);
			runOnlyForDeploymentPostprocessing = 0;
		};
		40E4429527875DA100FE245D /* Sources */ = {
			isa = PBXSourcesBuildPhase;
			buildActionMask = 2147483647;
			files = (
				4005DFCB278F7AAD00EB1640 /* NearMeViewModelTests.swift in Sources */,
				40DF5FB12B203D55007A076F /* DataTableViewModelTests.swift in Sources */,
				4005DFCD278F7B0A00EB1640 /* MockSearchService.swift in Sources */,
				4032AEC1278F3AB7002EEA4E /* CanyonViewModelTests.swift in Sources */,
				4032AEBD278F3028002EEA4E /* CanyonViewControllerTests.swift in Sources */,
				408B33032B0ABF22000CD934 /* GPXService+simplifyTests.swift in Sources */,
				40DF5FB32B203D99007A076F /* StarQualityViewModelTests.swift in Sources */,
				4005DFC5278F6F0300EB1640 /* CanyonFilterViewModelTests+update.swift in Sources */,
				4005DFC3278F67F800EB1640 /* FavoritesViewModelTests.swift in Sources */,
				4089A1332B0AC9CF00886179 /* CoordinateTests.swift in Sources */,
				4032AECB278F3FD8002EEA4E /* MockRopeWikiService.swift in Sources */,
				4032AECD278F41D0002EEA4E /* CanyonDetailViewModelTests.swift in Sources */,
				40FDB3932792270F0065FF47 /* WeatherDataPointTests+Strings.swift in Sources */,
				4005DFC7278F733500EB1640 /* CanyonFilterViewModelTests+filter.swift in Sources */,
				40DF5FB52B203F32007A076F /* WeatherViewModelTests.swift in Sources */,
			);
			runOnlyForDeploymentPostprocessing = 0;
		};
/* End PBXSourcesBuildPhase section */

/* Begin PBXTargetDependency section */
		40E4429B27875DA100FE245D /* PBXTargetDependency */ = {
			isa = PBXTargetDependency;
			target = 40E4428227875D9F00FE245D /* Canyoneer */;
			targetProxy = 40E4429A27875DA100FE245D /* PBXContainerItemProxy */;
		};
/* End PBXTargetDependency section */

/* Begin PBXVariantGroup section */
		40E4429127875DA000FE245D /* LaunchScreen.storyboard */ = {
			isa = PBXVariantGroup;
			children = (
				40E4429227875DA000FE245D /* Base */,
			);
			name = LaunchScreen.storyboard;
			sourceTree = "<group>";
		};
/* End PBXVariantGroup section */

/* Begin XCBuildConfiguration section */
		40935A1E2B22966F00E10A20 /* Test */ = {
			isa = XCBuildConfiguration;
			buildSettings = {
				ALWAYS_SEARCH_USER_PATHS = NO;
				CLANG_ANALYZER_NONNULL = YES;
				CLANG_ANALYZER_NUMBER_OBJECT_CONVERSION = YES_AGGRESSIVE;
				CLANG_CXX_LANGUAGE_STANDARD = "gnu++17";
				CLANG_CXX_LIBRARY = "libc++";
				CLANG_ENABLE_MODULES = YES;
				CLANG_ENABLE_OBJC_ARC = YES;
				CLANG_ENABLE_OBJC_WEAK = YES;
				CLANG_WARN_BLOCK_CAPTURE_AUTORELEASING = YES;
				CLANG_WARN_BOOL_CONVERSION = YES;
				CLANG_WARN_COMMA = YES;
				CLANG_WARN_CONSTANT_CONVERSION = YES;
				CLANG_WARN_DEPRECATED_OBJC_IMPLEMENTATIONS = YES;
				CLANG_WARN_DIRECT_OBJC_ISA_USAGE = YES_ERROR;
				CLANG_WARN_DOCUMENTATION_COMMENTS = YES;
				CLANG_WARN_EMPTY_BODY = YES;
				CLANG_WARN_ENUM_CONVERSION = YES;
				CLANG_WARN_INFINITE_RECURSION = YES;
				CLANG_WARN_INT_CONVERSION = YES;
				CLANG_WARN_NON_LITERAL_NULL_CONVERSION = YES;
				CLANG_WARN_OBJC_IMPLICIT_RETAIN_SELF = YES;
				CLANG_WARN_OBJC_LITERAL_CONVERSION = YES;
				CLANG_WARN_OBJC_ROOT_CLASS = YES_ERROR;
				CLANG_WARN_QUOTED_INCLUDE_IN_FRAMEWORK_HEADER = YES;
				CLANG_WARN_RANGE_LOOP_ANALYSIS = YES;
				CLANG_WARN_STRICT_PROTOTYPES = YES;
				CLANG_WARN_SUSPICIOUS_MOVE = YES;
				CLANG_WARN_UNGUARDED_AVAILABILITY = YES_AGGRESSIVE;
				CLANG_WARN_UNREACHABLE_CODE = YES;
				CLANG_WARN__DUPLICATE_METHOD_MATCH = YES;
				COPY_PHASE_STRIP = NO;
				DEBUG_INFORMATION_FORMAT = dwarf;
				ENABLE_STRICT_OBJC_MSGSEND = YES;
				ENABLE_TESTABILITY = YES;
				GCC_C_LANGUAGE_STANDARD = gnu11;
				GCC_DYNAMIC_NO_PIC = NO;
				GCC_NO_COMMON_BLOCKS = YES;
				GCC_OPTIMIZATION_LEVEL = 0;
				GCC_PREPROCESSOR_DEFINITIONS = (
					"DEBUG=1",
					"$(inherited)",
				);
				GCC_WARN_64_TO_32_BIT_CONVERSION = YES;
				GCC_WARN_ABOUT_RETURN_TYPE = YES_ERROR;
				GCC_WARN_UNDECLARED_SELECTOR = YES;
				GCC_WARN_UNINITIALIZED_AUTOS = YES_AGGRESSIVE;
				GCC_WARN_UNUSED_FUNCTION = YES;
				GCC_WARN_UNUSED_VARIABLE = YES;
				IPHONEOS_DEPLOYMENT_TARGET = 15.2;
				MTL_ENABLE_DEBUG_INFO = INCLUDE_SOURCE;
				MTL_FAST_MATH = YES;
				ONLY_ACTIVE_ARCH = YES;
				SDKROOT = iphoneos;
				SWIFT_ACTIVE_COMPILATION_CONDITIONS = DEBUG;
				SWIFT_OPTIMIZATION_LEVEL = "-Onone";
			};
			name = Test;
		};
		40935A1F2B22966F00E10A20 /* Test */ = {
			isa = XCBuildConfiguration;
			buildSettings = {
				ASSETCATALOG_COMPILER_APPICON_NAME = AppIcon;
				ASSETCATALOG_COMPILER_GLOBAL_ACCENT_COLOR_NAME = AccentColor;
				CODE_SIGN_STYLE = Automatic;
				CURRENT_PROJECT_VERSION = 1;
				DEVELOPMENT_TEAM = 3E2X8PZ6MG;
				GENERATE_INFOPLIST_FILE = YES;
				INFOPLIST_FILE = Canyoneer/Info.plist;
				INFOPLIST_KEY_CFBundleDisplayName = Canyoner;
				INFOPLIST_KEY_LSApplicationCategoryType = "public.app-category.sports";
				INFOPLIST_KEY_NSLocationAlwaysAndWhenInUseUsageDescription = "Location is used to show user location and orientation in the canyon map";
				INFOPLIST_KEY_NSLocationWhenInUseUsageDescription = "Uses location best provide map information";
				INFOPLIST_KEY_UIApplicationSceneManifest_Generation = YES;
				INFOPLIST_KEY_UIApplicationSupportsIndirectInputEvents = YES;
				INFOPLIST_KEY_UILaunchStoryboardName = LaunchScreen.storyboard;
				INFOPLIST_KEY_UISupportedInterfaceOrientations = UIInterfaceOrientationPortrait;
				INFOPLIST_KEY_UISupportedInterfaceOrientations_iPad = "UIInterfaceOrientationPortrait UIInterfaceOrientationPortraitUpsideDown UIInterfaceOrientationLandscapeLeft UIInterfaceOrientationLandscapeRight";
				INFOPLIST_KEY_UISupportedInterfaceOrientations_iPhone = "UIInterfaceOrientationPortrait UIInterfaceOrientationLandscapeLeft UIInterfaceOrientationLandscapeRight";
				INFOPLIST_KEY_UIUserInterfaceStyle = Light;
				IPHONEOS_DEPLOYMENT_TARGET = 16.0;
				LD_RUNPATH_SEARCH_PATHS = (
					"$(inherited)",
					"@executable_path/Frameworks",
				);
				MARKETING_VERSION = 1.0.4;
				PRODUCT_BUNDLE_IDENTIFIER = out.backcountry.canyoneering;
				PRODUCT_NAME = "$(TARGET_NAME)";
				SUPPORTED_PLATFORMS = "iphoneos iphonesimulator";
				SUPPORTS_MACCATALYST = NO;
				SUPPORTS_MAC_DESIGNED_FOR_IPHONE_IPAD = NO;
				SWIFT_ACTIVE_COMPILATION_CONDITIONS = TEST;
				SWIFT_EMIT_LOC_STRINGS = YES;
				SWIFT_VERSION = 5.0;
				TARGETED_DEVICE_FAMILY = 1;
			};
			name = Test;
		};
		40935A202B22966F00E10A20 /* Test */ = {
			isa = XCBuildConfiguration;
			buildSettings = {
				ALWAYS_EMBED_SWIFT_STANDARD_LIBRARIES = YES;
				BUNDLE_LOADER = "$(TEST_HOST)";
				CODE_SIGN_STYLE = Automatic;
				CURRENT_PROJECT_VERSION = 1;
				DEVELOPMENT_TEAM = 3E2X8PZ6MG;
				GENERATE_INFOPLIST_FILE = YES;
				IPHONEOS_DEPLOYMENT_TARGET = 16.0;
				MARKETING_VERSION = 1.0;
				PRODUCT_BUNDLE_IDENTIFIER = "com.backcountry-nomad.CanyoneerTests";
				PRODUCT_NAME = "$(TARGET_NAME)";
				SWIFT_EMIT_LOC_STRINGS = NO;
				SWIFT_VERSION = 5.0;
				TARGETED_DEVICE_FAMILY = "1,2";
				TEST_HOST = "$(BUILT_PRODUCTS_DIR)/Canyoneer.app/Canyoneer";
			};
			name = Test;
		};
		40E442AB27875DA100FE245D /* Debug */ = {
			isa = XCBuildConfiguration;
			buildSettings = {
				ALWAYS_SEARCH_USER_PATHS = NO;
				CLANG_ANALYZER_NONNULL = YES;
				CLANG_ANALYZER_NUMBER_OBJECT_CONVERSION = YES_AGGRESSIVE;
				CLANG_CXX_LANGUAGE_STANDARD = "gnu++17";
				CLANG_CXX_LIBRARY = "libc++";
				CLANG_ENABLE_MODULES = YES;
				CLANG_ENABLE_OBJC_ARC = YES;
				CLANG_ENABLE_OBJC_WEAK = YES;
				CLANG_WARN_BLOCK_CAPTURE_AUTORELEASING = YES;
				CLANG_WARN_BOOL_CONVERSION = YES;
				CLANG_WARN_COMMA = YES;
				CLANG_WARN_CONSTANT_CONVERSION = YES;
				CLANG_WARN_DEPRECATED_OBJC_IMPLEMENTATIONS = YES;
				CLANG_WARN_DIRECT_OBJC_ISA_USAGE = YES_ERROR;
				CLANG_WARN_DOCUMENTATION_COMMENTS = YES;
				CLANG_WARN_EMPTY_BODY = YES;
				CLANG_WARN_ENUM_CONVERSION = YES;
				CLANG_WARN_INFINITE_RECURSION = YES;
				CLANG_WARN_INT_CONVERSION = YES;
				CLANG_WARN_NON_LITERAL_NULL_CONVERSION = YES;
				CLANG_WARN_OBJC_IMPLICIT_RETAIN_SELF = YES;
				CLANG_WARN_OBJC_LITERAL_CONVERSION = YES;
				CLANG_WARN_OBJC_ROOT_CLASS = YES_ERROR;
				CLANG_WARN_QUOTED_INCLUDE_IN_FRAMEWORK_HEADER = YES;
				CLANG_WARN_RANGE_LOOP_ANALYSIS = YES;
				CLANG_WARN_STRICT_PROTOTYPES = YES;
				CLANG_WARN_SUSPICIOUS_MOVE = YES;
				CLANG_WARN_UNGUARDED_AVAILABILITY = YES_AGGRESSIVE;
				CLANG_WARN_UNREACHABLE_CODE = YES;
				CLANG_WARN__DUPLICATE_METHOD_MATCH = YES;
				COPY_PHASE_STRIP = NO;
				DEBUG_INFORMATION_FORMAT = dwarf;
				ENABLE_STRICT_OBJC_MSGSEND = YES;
				ENABLE_TESTABILITY = YES;
				GCC_C_LANGUAGE_STANDARD = gnu11;
				GCC_DYNAMIC_NO_PIC = NO;
				GCC_NO_COMMON_BLOCKS = YES;
				GCC_OPTIMIZATION_LEVEL = 0;
				GCC_PREPROCESSOR_DEFINITIONS = (
					"DEBUG=1",
					"$(inherited)",
				);
				GCC_WARN_64_TO_32_BIT_CONVERSION = YES;
				GCC_WARN_ABOUT_RETURN_TYPE = YES_ERROR;
				GCC_WARN_UNDECLARED_SELECTOR = YES;
				GCC_WARN_UNINITIALIZED_AUTOS = YES_AGGRESSIVE;
				GCC_WARN_UNUSED_FUNCTION = YES;
				GCC_WARN_UNUSED_VARIABLE = YES;
				IPHONEOS_DEPLOYMENT_TARGET = 15.2;
				MTL_ENABLE_DEBUG_INFO = INCLUDE_SOURCE;
				MTL_FAST_MATH = YES;
				ONLY_ACTIVE_ARCH = YES;
				SDKROOT = iphoneos;
				SWIFT_ACTIVE_COMPILATION_CONDITIONS = DEBUG;
				SWIFT_OPTIMIZATION_LEVEL = "-Onone";
			};
			name = Debug;
		};
		40E442AC27875DA100FE245D /* Release */ = {
			isa = XCBuildConfiguration;
			buildSettings = {
				ALWAYS_SEARCH_USER_PATHS = NO;
				CLANG_ANALYZER_NONNULL = YES;
				CLANG_ANALYZER_NUMBER_OBJECT_CONVERSION = YES_AGGRESSIVE;
				CLANG_CXX_LANGUAGE_STANDARD = "gnu++17";
				CLANG_CXX_LIBRARY = "libc++";
				CLANG_ENABLE_MODULES = YES;
				CLANG_ENABLE_OBJC_ARC = YES;
				CLANG_ENABLE_OBJC_WEAK = YES;
				CLANG_WARN_BLOCK_CAPTURE_AUTORELEASING = YES;
				CLANG_WARN_BOOL_CONVERSION = YES;
				CLANG_WARN_COMMA = YES;
				CLANG_WARN_CONSTANT_CONVERSION = YES;
				CLANG_WARN_DEPRECATED_OBJC_IMPLEMENTATIONS = YES;
				CLANG_WARN_DIRECT_OBJC_ISA_USAGE = YES_ERROR;
				CLANG_WARN_DOCUMENTATION_COMMENTS = YES;
				CLANG_WARN_EMPTY_BODY = YES;
				CLANG_WARN_ENUM_CONVERSION = YES;
				CLANG_WARN_INFINITE_RECURSION = YES;
				CLANG_WARN_INT_CONVERSION = YES;
				CLANG_WARN_NON_LITERAL_NULL_CONVERSION = YES;
				CLANG_WARN_OBJC_IMPLICIT_RETAIN_SELF = YES;
				CLANG_WARN_OBJC_LITERAL_CONVERSION = YES;
				CLANG_WARN_OBJC_ROOT_CLASS = YES_ERROR;
				CLANG_WARN_QUOTED_INCLUDE_IN_FRAMEWORK_HEADER = YES;
				CLANG_WARN_RANGE_LOOP_ANALYSIS = YES;
				CLANG_WARN_STRICT_PROTOTYPES = YES;
				CLANG_WARN_SUSPICIOUS_MOVE = YES;
				CLANG_WARN_UNGUARDED_AVAILABILITY = YES_AGGRESSIVE;
				CLANG_WARN_UNREACHABLE_CODE = YES;
				CLANG_WARN__DUPLICATE_METHOD_MATCH = YES;
				COPY_PHASE_STRIP = NO;
				DEBUG_INFORMATION_FORMAT = "dwarf-with-dsym";
				ENABLE_NS_ASSERTIONS = NO;
				ENABLE_STRICT_OBJC_MSGSEND = YES;
				GCC_C_LANGUAGE_STANDARD = gnu11;
				GCC_NO_COMMON_BLOCKS = YES;
				GCC_WARN_64_TO_32_BIT_CONVERSION = YES;
				GCC_WARN_ABOUT_RETURN_TYPE = YES_ERROR;
				GCC_WARN_UNDECLARED_SELECTOR = YES;
				GCC_WARN_UNINITIALIZED_AUTOS = YES_AGGRESSIVE;
				GCC_WARN_UNUSED_FUNCTION = YES;
				GCC_WARN_UNUSED_VARIABLE = YES;
				IPHONEOS_DEPLOYMENT_TARGET = 15.2;
				MTL_ENABLE_DEBUG_INFO = NO;
				MTL_FAST_MATH = YES;
				SDKROOT = iphoneos;
				SWIFT_COMPILATION_MODE = wholemodule;
				SWIFT_OPTIMIZATION_LEVEL = "-O";
				VALIDATE_PRODUCT = YES;
			};
			name = Release;
		};
		40E442AE27875DA100FE245D /* Debug */ = {
			isa = XCBuildConfiguration;
			buildSettings = {
				ASSETCATALOG_COMPILER_APPICON_NAME = AppIcon;
				ASSETCATALOG_COMPILER_GLOBAL_ACCENT_COLOR_NAME = AccentColor;
				CODE_SIGN_STYLE = Automatic;
				CURRENT_PROJECT_VERSION = 1;
				DEVELOPMENT_TEAM = 3E2X8PZ6MG;
				GENERATE_INFOPLIST_FILE = YES;
				INFOPLIST_FILE = Canyoneer/Info.plist;
				INFOPLIST_KEY_CFBundleDisplayName = Canyoner;
				INFOPLIST_KEY_LSApplicationCategoryType = "public.app-category.sports";
				INFOPLIST_KEY_NSLocationAlwaysAndWhenInUseUsageDescription = "Location is used to show user location and orientation in the canyon map";
				INFOPLIST_KEY_NSLocationWhenInUseUsageDescription = "Uses location best provide map information";
				INFOPLIST_KEY_UIApplicationSceneManifest_Generation = YES;
				INFOPLIST_KEY_UIApplicationSupportsIndirectInputEvents = YES;
				INFOPLIST_KEY_UILaunchStoryboardName = LaunchScreen.storyboard;
				INFOPLIST_KEY_UISupportedInterfaceOrientations = UIInterfaceOrientationPortrait;
				INFOPLIST_KEY_UISupportedInterfaceOrientations_iPad = "UIInterfaceOrientationPortrait UIInterfaceOrientationPortraitUpsideDown UIInterfaceOrientationLandscapeLeft UIInterfaceOrientationLandscapeRight";
				INFOPLIST_KEY_UISupportedInterfaceOrientations_iPhone = "UIInterfaceOrientationPortrait UIInterfaceOrientationLandscapeLeft UIInterfaceOrientationLandscapeRight";
				INFOPLIST_KEY_UIUserInterfaceStyle = Light;
				IPHONEOS_DEPLOYMENT_TARGET = 16.0;
				LD_RUNPATH_SEARCH_PATHS = (
					"$(inherited)",
					"@executable_path/Frameworks",
				);
				MARKETING_VERSION = 1.0.4;
				PRODUCT_BUNDLE_IDENTIFIER = out.backcountry.canyoneering;
				PRODUCT_NAME = "$(TARGET_NAME)";
				SUPPORTED_PLATFORMS = "iphoneos iphonesimulator";
				SUPPORTS_MACCATALYST = NO;
				SUPPORTS_MAC_DESIGNED_FOR_IPHONE_IPAD = NO;
				SWIFT_EMIT_LOC_STRINGS = YES;
				SWIFT_VERSION = 5.0;
				TARGETED_DEVICE_FAMILY = 1;
			};
			name = Debug;
		};
		40E442AF27875DA100FE245D /* Release */ = {
			isa = XCBuildConfiguration;
			buildSettings = {
				ASSETCATALOG_COMPILER_APPICON_NAME = AppIcon;
				ASSETCATALOG_COMPILER_GLOBAL_ACCENT_COLOR_NAME = AccentColor;
				CODE_SIGN_STYLE = Automatic;
				CURRENT_PROJECT_VERSION = 1;
				DEVELOPMENT_TEAM = 3E2X8PZ6MG;
				GENERATE_INFOPLIST_FILE = YES;
				INFOPLIST_FILE = Canyoneer/Info.plist;
				INFOPLIST_KEY_CFBundleDisplayName = Canyoner;
				INFOPLIST_KEY_LSApplicationCategoryType = "public.app-category.sports";
				INFOPLIST_KEY_NSLocationAlwaysAndWhenInUseUsageDescription = "Location is used to show user location and orientation in the canyon map";
				INFOPLIST_KEY_NSLocationWhenInUseUsageDescription = "Uses location best provide map information";
				INFOPLIST_KEY_UIApplicationSceneManifest_Generation = YES;
				INFOPLIST_KEY_UIApplicationSupportsIndirectInputEvents = YES;
				INFOPLIST_KEY_UILaunchStoryboardName = LaunchScreen.storyboard;
				INFOPLIST_KEY_UISupportedInterfaceOrientations = UIInterfaceOrientationPortrait;
				INFOPLIST_KEY_UISupportedInterfaceOrientations_iPad = "UIInterfaceOrientationPortrait UIInterfaceOrientationPortraitUpsideDown UIInterfaceOrientationLandscapeLeft UIInterfaceOrientationLandscapeRight";
				INFOPLIST_KEY_UISupportedInterfaceOrientations_iPhone = "UIInterfaceOrientationPortrait UIInterfaceOrientationLandscapeLeft UIInterfaceOrientationLandscapeRight";
				INFOPLIST_KEY_UIUserInterfaceStyle = Light;
				IPHONEOS_DEPLOYMENT_TARGET = 16.0;
				LD_RUNPATH_SEARCH_PATHS = (
					"$(inherited)",
					"@executable_path/Frameworks",
				);
				MARKETING_VERSION = 1.0.4;
				PRODUCT_BUNDLE_IDENTIFIER = out.backcountry.canyoneering;
				PRODUCT_NAME = "$(TARGET_NAME)";
				SUPPORTED_PLATFORMS = "iphoneos iphonesimulator";
				SUPPORTS_MACCATALYST = NO;
				SUPPORTS_MAC_DESIGNED_FOR_IPHONE_IPAD = NO;
				SWIFT_EMIT_LOC_STRINGS = YES;
				SWIFT_VERSION = 5.0;
				TARGETED_DEVICE_FAMILY = 1;
			};
			name = Release;
		};
		40E442B127875DA100FE245D /* Debug */ = {
			isa = XCBuildConfiguration;
			buildSettings = {
				ALWAYS_EMBED_SWIFT_STANDARD_LIBRARIES = YES;
				BUNDLE_LOADER = "$(TEST_HOST)";
				CODE_SIGN_STYLE = Automatic;
				CURRENT_PROJECT_VERSION = 1;
				DEVELOPMENT_TEAM = 3E2X8PZ6MG;
				GENERATE_INFOPLIST_FILE = YES;
				IPHONEOS_DEPLOYMENT_TARGET = 16.0;
				MARKETING_VERSION = 1.0;
				PRODUCT_BUNDLE_IDENTIFIER = "com.backcountry-nomad.CanyoneerTests";
				PRODUCT_NAME = "$(TARGET_NAME)";
				SWIFT_EMIT_LOC_STRINGS = NO;
				SWIFT_VERSION = 5.0;
				TARGETED_DEVICE_FAMILY = "1,2";
				TEST_HOST = "$(BUILT_PRODUCTS_DIR)/Canyoneer.app/Canyoneer";
			};
			name = Debug;
		};
		40E442B227875DA100FE245D /* Release */ = {
			isa = XCBuildConfiguration;
			buildSettings = {
				ALWAYS_EMBED_SWIFT_STANDARD_LIBRARIES = YES;
				BUNDLE_LOADER = "$(TEST_HOST)";
				CODE_SIGN_STYLE = Automatic;
				CURRENT_PROJECT_VERSION = 1;
				DEVELOPMENT_TEAM = 3E2X8PZ6MG;
				GENERATE_INFOPLIST_FILE = YES;
				IPHONEOS_DEPLOYMENT_TARGET = 16.0;
				MARKETING_VERSION = 1.0;
				PRODUCT_BUNDLE_IDENTIFIER = "com.backcountry-nomad.CanyoneerTests";
				PRODUCT_NAME = "$(TARGET_NAME)";
				SWIFT_EMIT_LOC_STRINGS = NO;
				SWIFT_VERSION = 5.0;
				TARGETED_DEVICE_FAMILY = "1,2";
				TEST_HOST = "$(BUILT_PRODUCTS_DIR)/Canyoneer.app/Canyoneer";
			};
			name = Release;
		};
/* End XCBuildConfiguration section */

/* Begin XCConfigurationList section */
		40E4427E27875D9F00FE245D /* Build configuration list for PBXProject "Canyoneer" */ = {
			isa = XCConfigurationList;
			buildConfigurations = (
				40E442AB27875DA100FE245D /* Debug */,
				40935A1E2B22966F00E10A20 /* Test */,
				40E442AC27875DA100FE245D /* Release */,
			);
			defaultConfigurationIsVisible = 0;
			defaultConfigurationName = Release;
		};
		40E442AD27875DA100FE245D /* Build configuration list for PBXNativeTarget "Canyoneer" */ = {
			isa = XCConfigurationList;
			buildConfigurations = (
				40E442AE27875DA100FE245D /* Debug */,
				40935A1F2B22966F00E10A20 /* Test */,
				40E442AF27875DA100FE245D /* Release */,
			);
			defaultConfigurationIsVisible = 0;
			defaultConfigurationName = Release;
		};
		40E442B027875DA100FE245D /* Build configuration list for PBXNativeTarget "CanyoneerTests" */ = {
			isa = XCConfigurationList;
			buildConfigurations = (
				40E442B127875DA100FE245D /* Debug */,
				40935A202B22966F00E10A20 /* Test */,
				40E442B227875DA100FE245D /* Release */,
			);
			defaultConfigurationIsVisible = 0;
			defaultConfigurationName = Release;
		};
/* End XCConfigurationList section */

/* Begin XCRemoteSwiftPackageReference section */
		405E67CD2799C38600BA41D9 /* XCRemoteSwiftPackageReference "lottie-ios" */ = {
			isa = XCRemoteSwiftPackageReference;
			repositoryURL = "https://github.com/airbnb/lottie-ios";
			requirement = {
				kind = exactVersion;
				version = 4.3.4;
			};
		};
		406BC8592940B9680096769B /* XCRemoteSwiftPackageReference "mapbox-maps-ios" */ = {
			isa = XCRemoteSwiftPackageReference;
			repositoryURL = "https://github.com/mapbox/mapbox-maps-ios.git";
			requirement = {
				kind = upToNextMajorVersion;
				minimumVersion = 10.0.0;
			};
		};
		40FDB3842791FA9F0065FF47 /* XCRemoteSwiftPackageReference "CoreGPX" */ = {
			isa = XCRemoteSwiftPackageReference;
			repositoryURL = "https://github.com/vincentneo/CoreGPX.git";
			requirement = {
				kind = exactVersion;
				version = 0.9.0;
			};
		};
		40FDB38F279218EA0065FF47 /* XCRemoteSwiftPackageReference "Solar" */ = {
			isa = XCRemoteSwiftPackageReference;
			repositoryURL = "https://github.com/ceeK/Solar";
			requirement = {
				kind = exactVersion;
				version = 3.0.1;
			};
		};
/* End XCRemoteSwiftPackageReference section */

/* Begin XCSwiftPackageProductDependency section */
		405E67CE2799C38800BA41D9 /* Lottie */ = {
			isa = XCSwiftPackageProductDependency;
			package = 405E67CD2799C38600BA41D9 /* XCRemoteSwiftPackageReference "lottie-ios" */;
			productName = Lottie;
		};
		406BC85A2940B9680096769B /* MapboxMaps */ = {
			isa = XCSwiftPackageProductDependency;
			package = 406BC8592940B9680096769B /* XCRemoteSwiftPackageReference "mapbox-maps-ios" */;
			productName = MapboxMaps;
		};
		40FDB3852791FAA00065FF47 /* CoreGPX */ = {
			isa = XCSwiftPackageProductDependency;
			package = 40FDB3842791FA9F0065FF47 /* XCRemoteSwiftPackageReference "CoreGPX" */;
			productName = CoreGPX;
		};
		40FDB390279218EA0065FF47 /* Solar */ = {
			isa = XCSwiftPackageProductDependency;
			package = 40FDB38F279218EA0065FF47 /* XCRemoteSwiftPackageReference "Solar" */;
			productName = Solar;
		};
/* End XCSwiftPackageProductDependency section */
	};
	rootObject = 40E4427B27875D9F00FE245D /* Project object */;
}
