{
  "originHash" : "64b602d6f4c2c37cabcd5a77f709a777b17add637ce46e51e5b608a317aade3b",
  "pins" : [
    {
      "identity" : "coregpx",
      "kind" : "remoteSourceControl",
      "location" : "https://github.com/vincentneo/CoreGPX.git",
      "state" : {
        "revision" : "90dea5dea799e2b3684f5c72f07141d8516ce80b",
        "version" : "0.9.2"
      }
    },
    {
      "identity" : "lottie-ios",
      "kind" : "remoteSourceControl",
      "location" : "https://github.com/airbnb/lottie-ios",
      "state" : {
        "revision" : "3f1202f254ad5d71f6c5b518ed2d6b9e2abe6969",
        "version" : "4.3.4"
      }
    },
    {
      "identity" : "mapbox-common-ios",
      "kind" : "remoteSourceControl",
      "location" : "https://github.com/mapbox/mapbox-common-ios.git",
      "state" : {
        "revision" : "3cbd3eba5a316e4213b4860db398d5777f9de957",
        "version" : "24.6.1"
      }
    },
    {
      "identity" : "mapbox-core-maps-ios",
      "kind" : "remoteSourceControl",
      "location" : "https://github.com/mapbox/mapbox-core-maps-ios.git",
      "state" : {
        "revision" : "80f08d877ff8a6ba1ad46d357e7863bb0a98f414",
        "version" : "11.6.1"
      }
    },
    {
      "identity" : "mapbox-maps-ios",
      "kind" : "remoteSourceControl",
      "location" : "https://github.com/mapbox/mapbox-maps-ios.git",
      "state" : {
        "revision" : "c502416eaadd90891cb2a1d2d62f57a52dcfbfa5",
        "version" : "11.6.1"
      }
    },
    {
      "identity" : "solar",
      "kind" : "remoteSourceControl",
      "location" : "https://github.com/ceeK/Solar",
      "state" : {
        "revision" : "c2b96f2d5fb7f835b91cefac5e83101f54643901",
        "version" : "3.0.1"
      }
    },
    {
      "identity" : "turf-swift",
      "kind" : "remoteSourceControl",
      "location" : "https://github.com/mapbox/turf-swift.git",
      "state" : {
        "revision" : "213050191cfcb3d5aa76e1fa90c6ff1e182a42ca",
        "version" : "2.8.0"
      }
    }
  ],
  "version" : 3
}
